// !$*UTF8*$!
{
	archiveVersion = 1;
	classes = {
	};
	objectVersion = 48;
	objects = {

/* Begin PBXBuildFile section */
		1340B1A410C7DF8BC566FC6C /* Pods_BishkekCourses.framework in Frameworks */ = {isa = PBXBuildFile; fileRef = 138857491ABE88B139087845 /* Pods_BishkekCourses.framework */; };
		4A81873DC782617B06D8FB67 /* Pods_BishkekCoursesTests.framework in Frameworks */ = {isa = PBXBuildFile; fileRef = 84C2947524281F15E93719D9 /* Pods_BishkekCoursesTests.framework */; };
		840DC213200F668E00C87994 /* SearchCollectionViewCell.swift in Sources */ = {isa = PBXBuildFile; fileRef = 840DC211200F668E00C87994 /* SearchCollectionViewCell.swift */; };
		840DC214200F668E00C87994 /* SearchCollectionViewCell.xib in Resources */ = {isa = PBXBuildFile; fileRef = 840DC212200F668E00C87994 /* SearchCollectionViewCell.xib */; };
		840DC218200F681200C87994 /* FavoriteCollectionViewCell.swift in Sources */ = {isa = PBXBuildFile; fileRef = 840DC216200F681200C87994 /* FavoriteCollectionViewCell.swift */; };
		840DC219200F681200C87994 /* FavoriteCollectionViewCell.xib in Resources */ = {isa = PBXBuildFile; fileRef = 840DC217200F681200C87994 /* FavoriteCollectionViewCell.xib */; };
		840DC21B200FBB7400C87994 /* MapViewController.swift in Sources */ = {isa = PBXBuildFile; fileRef = 840DC21A200FBB7400C87994 /* MapViewController.swift */; };
		8413803F1FD9BDE900710969 /* Category.swift in Sources */ = {isa = PBXBuildFile; fileRef = 8413803E1FD9BDE900710969 /* Category.swift */; };
		841380431FD9BFD000710969 /* Contact.swift in Sources */ = {isa = PBXBuildFile; fileRef = 841380421FD9BFD000710969 /* Contact.swift */; };
		841380451FD9C04000710969 /* Branch.swift in Sources */ = {isa = PBXBuildFile; fileRef = 841380441FD9C04000710969 /* Branch.swift */; };
		841380471FD9C0CB00710969 /* Service.swift in Sources */ = {isa = PBXBuildFile; fileRef = 841380461FD9C0CB00710969 /* Service.swift */; };
		841380491FD9C16E00710969 /* Images.swift in Sources */ = {isa = PBXBuildFile; fileRef = 841380481FD9C16E00710969 /* Images.swift */; };
		8419BC7D202A351C00285ECD /* HeaderView.swift in Sources */ = {isa = PBXBuildFile; fileRef = 8419BC7C202A351C00285ECD /* HeaderView.swift */; };
		8419BC7F202A3A2A00285ECD /* MenuBar.swift in Sources */ = {isa = PBXBuildFile; fileRef = 8419BC7E202A3A2A00285ECD /* MenuBar.swift */; };
		8419BC81202A499000285ECD /* MenuCell.swift in Sources */ = {isa = PBXBuildFile; fileRef = 8419BC80202A499000285ECD /* MenuCell.swift */; };
		841C91EC1FD7C6960040C2A8 /* CommentsTableViewCell.swift in Sources */ = {isa = PBXBuildFile; fileRef = 841C91EA1FD7C6960040C2A8 /* CommentsTableViewCell.swift */; };
		841C91ED1FD7C6960040C2A8 /* CommentsTableViewCell.xib in Resources */ = {isa = PBXBuildFile; fileRef = 841C91EB1FD7C6960040C2A8 /* CommentsTableViewCell.xib */; };
		841C91F01FD7CFD30040C2A8 /* ServicesTableViewCell.swift in Sources */ = {isa = PBXBuildFile; fileRef = 841C91EE1FD7CFD30040C2A8 /* ServicesTableViewCell.swift */; };
		841C91F11FD7CFD30040C2A8 /* ServicesTableViewCell.xib in Resources */ = {isa = PBXBuildFile; fileRef = 841C91EF1FD7CFD30040C2A8 /* ServicesTableViewCell.xib */; };
		841C91F41FD7D1D00040C2A8 /* BranchesTableViewCell.swift in Sources */ = {isa = PBXBuildFile; fileRef = 841C91F21FD7D1D00040C2A8 /* BranchesTableViewCell.swift */; };
		841C91F51FD7D1D00040C2A8 /* BranchesTableViewCell.xib in Resources */ = {isa = PBXBuildFile; fileRef = 841C91F31FD7D1D00040C2A8 /* BranchesTableViewCell.xib */; };
		841C91F81FD7D2430040C2A8 /* ContactsTableViewCell.swift in Sources */ = {isa = PBXBuildFile; fileRef = 841C91F61FD7D2430040C2A8 /* ContactsTableViewCell.swift */; };
		841C91F91FD7D2430040C2A8 /* ContactsTableViewCell.xib in Resources */ = {isa = PBXBuildFile; fileRef = 841C91F71FD7D2430040C2A8 /* ContactsTableViewCell.xib */; };
		841C91FC1FD7D3DD0040C2A8 /* DescriptionTableViewCell.swift in Sources */ = {isa = PBXBuildFile; fileRef = 841C91FA1FD7D3DD0040C2A8 /* DescriptionTableViewCell.swift */; };
		841C91FD1FD7D3DD0040C2A8 /* DescriptionTableViewCell.xib in Resources */ = {isa = PBXBuildFile; fileRef = 841C91FB1FD7D3DD0040C2A8 /* DescriptionTableViewCell.xib */; };
		84226BEB1FD5302F0043D68F /* CoursesCollectionViewCell.swift in Sources */ = {isa = PBXBuildFile; fileRef = 84226BE91FD5302F0043D68F /* CoursesCollectionViewCell.swift */; };
		84226BEC1FD5302F0043D68F /* CoursesCollectionViewCell.xib in Resources */ = {isa = PBXBuildFile; fileRef = 84226BEA1FD5302F0043D68F /* CoursesCollectionViewCell.xib */; };
		842CA5851FD7C0070051C610 /* DetailedCourseViewController.swift in Sources */ = {isa = PBXBuildFile; fileRef = 842CA5841FD7C0070051C610 /* DetailedCourseViewController.swift */; };
		843DC3E8201C63F70048CA3D /* CustomCell.swift in Sources */ = {isa = PBXBuildFile; fileRef = 843DC3E7201C63F70048CA3D /* CustomCell.swift */; };
		844A7CA0202C2B11004DC6BA /* SegmentView.swift in Sources */ = {isa = PBXBuildFile; fileRef = 844A7C9F202C2B11004DC6BA /* SegmentView.swift */; };
		844E780F1FD691DD00368CFA /* Course.storyboard in Resources */ = {isa = PBXBuildFile; fileRef = 844E780E1FD691DD00368CFA /* Course.storyboard */; };
		8454AC361FD1C4830064689C /* Categories.storyboard in Resources */ = {isa = PBXBuildFile; fileRef = 8454AC351FD1C4830064689C /* Categories.storyboard */; };
		8454AC391FD1C4B40064689C /* CategoriesViewViewController.swift in Sources */ = {isa = PBXBuildFile; fileRef = 8454AC381FD1C4B40064689C /* CategoriesViewViewController.swift */; };
		8454AC3B1FD1D12D0064689C /* News.storyboard in Resources */ = {isa = PBXBuildFile; fileRef = 8454AC3A1FD1D12D0064689C /* News.storyboard */; };
		8454AC3E1FD1D13F0064689C /* NewsViewController.swift in Sources */ = {isa = PBXBuildFile; fileRef = 8454AC3D1FD1D13F0064689C /* NewsViewController.swift */; };
		8454AC401FD1D1A30064689C /* Favorite.storyboard in Resources */ = {isa = PBXBuildFile; fileRef = 8454AC3F1FD1D1A30064689C /* Favorite.storyboard */; };
		8454AC431FD1D1B80064689C /* FavoriteViewController.swift in Sources */ = {isa = PBXBuildFile; fileRef = 8454AC421FD1D1B80064689C /* FavoriteViewController.swift */; };
		84582C79202F1C190079F319 /* PromotionsDetailViewController.swift in Sources */ = {isa = PBXBuildFile; fileRef = 84582C78202F1C190079F319 /* PromotionsDetailViewController.swift */; };
		846FBA54202559AF001A4773 /* CoursesBySubcategoryViewController.swift in Sources */ = {isa = PBXBuildFile; fileRef = 846FBA53202559AF001A4773 /* CoursesBySubcategoryViewController.swift */; };
		846FBA57202559D2001A4773 /* CoursesBySubcategoryTableViewCell.swift in Sources */ = {isa = PBXBuildFile; fileRef = 846FBA55202559D2001A4773 /* CoursesBySubcategoryTableViewCell.swift */; };
		846FBA58202559D2001A4773 /* CoursesBySubcategoryTableViewCell.xib in Resources */ = {isa = PBXBuildFile; fileRef = 846FBA56202559D2001A4773 /* CoursesBySubcategoryTableViewCell.xib */; };
		84712F2B2030B5A6001ED992 /* HashTagViewController.swift in Sources */ = {isa = PBXBuildFile; fileRef = 84712F2A2030B5A6001ED992 /* HashTagViewController.swift */; };
		847869112012FF5D00B6BE0D /* MainViewController.swift in Sources */ = {isa = PBXBuildFile; fileRef = 847869102012FF5D00B6BE0D /* MainViewController.swift */; };
		847869142013015800B6BE0D /* MainTableViewCell.swift in Sources */ = {isa = PBXBuildFile; fileRef = 847869122013015800B6BE0D /* MainTableViewCell.swift */; };
		847869152013015800B6BE0D /* MainTableViewCell.xib in Resources */ = {isa = PBXBuildFile; fileRef = 847869132013015800B6BE0D /* MainTableViewCell.xib */; };
		8491F86B2011E63400E29292 /* StartingPage.storyboard in Resources */ = {isa = PBXBuildFile; fileRef = 8491F86A2011E63400E29292 /* StartingPage.storyboard */; };
		8491F86E2011E64A00E29292 /* StartingPageViewController.swift in Sources */ = {isa = PBXBuildFile; fileRef = 8491F86D2011E64A00E29292 /* StartingPageViewController.swift */; };
		8491F8712011EF8900E29292 /* StartingPageCollectionViewCell.swift in Sources */ = {isa = PBXBuildFile; fileRef = 8491F8702011EF8900E29292 /* StartingPageCollectionViewCell.swift */; };
		8491F8732012116700E29292 /* SwipingController.swift in Sources */ = {isa = PBXBuildFile; fileRef = 8491F8722012116700E29292 /* SwipingController.swift */; };
		8491F8752012189400E29292 /* Page.swift in Sources */ = {isa = PBXBuildFile; fileRef = 8491F8742012189400E29292 /* Page.swift */; };
		8491F8782012306C00E29292 /* SwipingController+Extension.swift in Sources */ = {isa = PBXBuildFile; fileRef = 8491F8772012306C00E29292 /* SwipingController+Extension.swift */; };
		8491F87A201230C700E29292 /* SwipingController+CollectionView.swift in Sources */ = {isa = PBXBuildFile; fileRef = 8491F879201230C700E29292 /* SwipingController+CollectionView.swift */; };
		8497BAA92027191F001A7C76 /* DetailedCourse.swift in Sources */ = {isa = PBXBuildFile; fileRef = 8497BAA82027191F001A7C76 /* DetailedCourse.swift */; };
		849D8DC21FD429C900F507A4 /* CategoriesCollectionViewCell.swift in Sources */ = {isa = PBXBuildFile; fileRef = 849D8DC11FD429C900F507A4 /* CategoriesCollectionViewCell.swift */; };
		849D8DC41FD429E000F507A4 /* CategoriesCollectionViewCell.xib in Resources */ = {isa = PBXBuildFile; fileRef = 849D8DC31FD429E000F507A4 /* CategoriesCollectionViewCell.xib */; };
		849D8DCF1FD4888D00F507A4 /* SubCategoriesViewController.swift in Sources */ = {isa = PBXBuildFile; fileRef = 849D8DCE1FD4888D00F507A4 /* SubCategoriesViewController.swift */; };
		849D8DD21FD488FA00F507A4 /* SubCategoriesCollectionViewCell.swift in Sources */ = {isa = PBXBuildFile; fileRef = 849D8DD01FD488FA00F507A4 /* SubCategoriesCollectionViewCell.swift */; };
		849D8DD31FD488FA00F507A4 /* SubCategoriesCollectionViewCell.xib in Resources */ = {isa = PBXBuildFile; fileRef = 849D8DD11FD488FA00F507A4 /* SubCategoriesCollectionViewCell.xib */; };
		84AD4D4B202AC25000AEAF1D /* SubcategoryHeaderView.swift in Sources */ = {isa = PBXBuildFile; fileRef = 84AD4D4A202AC25000AEAF1D /* SubcategoryHeaderView.swift */; };
		84B0EDED20113748000F2670 /* CourseAddress.swift in Sources */ = {isa = PBXBuildFile; fileRef = 84B0EDEC20113748000F2670 /* CourseAddress.swift */; };
		84BE8F1C201F14D600844F55 /* NetworkManager.swift in Sources */ = {isa = PBXBuildFile; fileRef = 84BE8F1B201F14D600844F55 /* NetworkManager.swift */; };
		84BE8F1E201F1A1A00844F55 /* NetworkAdapter.swift in Sources */ = {isa = PBXBuildFile; fileRef = 84BE8F1D201F1A1A00844F55 /* NetworkAdapter.swift */; };
		84BE8F20201F205C00844F55 /* ServerAPIManager.swift in Sources */ = {isa = PBXBuildFile; fileRef = 84BE8F1F201F205C00844F55 /* ServerAPIManager.swift */; };
		84BE8F22201F2CC200844F55 /* SimpleCourse.swift in Sources */ = {isa = PBXBuildFile; fileRef = 84BE8F21201F2CC200844F55 /* SimpleCourse.swift */; };
		84C399EA1FD3080400DD5D66 /* ApiAddress.swift in Sources */ = {isa = PBXBuildFile; fileRef = 84C399E91FD3080400DD5D66 /* ApiAddress.swift */; };
		84C399EC1FD3080A00DD5D66 /* HTTPRequestManager.swift in Sources */ = {isa = PBXBuildFile; fileRef = 84C399EB1FD3080A00DD5D66 /* HTTPRequestManager.swift */; };
		84C399EE1FD3081100DD5D66 /* HTTPStatusCode.swift in Sources */ = {isa = PBXBuildFile; fileRef = 84C399ED1FD3081100DD5D66 /* HTTPStatusCode.swift */; };
		84C399F01FD3081500DD5D66 /* ServerManager.swift in Sources */ = {isa = PBXBuildFile; fileRef = 84C399EF1FD3081500DD5D66 /* ServerManager.swift */; };
		84C399F21FD3082400DD5D66 /* Extensions.swift in Sources */ = {isa = PBXBuildFile; fileRef = 84C399F11FD3082400DD5D66 /* Extensions.swift */; };
		84C399F41FD3082B00DD5D66 /* DataManager.swift in Sources */ = {isa = PBXBuildFile; fileRef = 84C399F31FD3082B00DD5D66 /* DataManager.swift */; };
		84C399F61FD3084E00DD5D66 /* Constants.swift in Sources */ = {isa = PBXBuildFile; fileRef = 84C399F51FD3084E00DD5D66 /* Constants.swift */; };
		84C399F81FD3085900DD5D66 /* Colors.swift in Sources */ = {isa = PBXBuildFile; fileRef = 84C399F71FD3085900DD5D66 /* Colors.swift */; };
		84C399FB1FD3213A00DD5D66 /* Login.storyboard in Resources */ = {isa = PBXBuildFile; fileRef = 84C399FA1FD3213A00DD5D66 /* Login.storyboard */; };
		84C399FE1FD324A500DD5D66 /* LoginViewController.swift in Sources */ = {isa = PBXBuildFile; fileRef = 84C399FD1FD324A500DD5D66 /* LoginViewController.swift */; };
		84C39A011FD33AEF00DD5D66 /* Registration.storyboard in Resources */ = {isa = PBXBuildFile; fileRef = 84C39A001FD33AEF00DD5D66 /* Registration.storyboard */; };
		84C39A041FD33B0500DD5D66 /* RegistrationViewController.swift in Sources */ = {isa = PBXBuildFile; fileRef = 84C39A031FD33B0500DD5D66 /* RegistrationViewController.swift */; };
		84C714491FD00BB6007E640F /* AppDelegate.swift in Sources */ = {isa = PBXBuildFile; fileRef = 84C714481FD00BB6007E640F /* AppDelegate.swift */; };
		84C7144E1FD00BB6007E640F /* Main.storyboard in Resources */ = {isa = PBXBuildFile; fileRef = 84C7144C1FD00BB6007E640F /* Main.storyboard */; };
		84C714511FD00BB6007E640F /* BishkekCourses.xcdatamodeld in Sources */ = {isa = PBXBuildFile; fileRef = 84C7144F1FD00BB6007E640F /* BishkekCourses.xcdatamodeld */; };
		84C714531FD00BB6007E640F /* Assets.xcassets in Resources */ = {isa = PBXBuildFile; fileRef = 84C714521FD00BB6007E640F /* Assets.xcassets */; };
		84C714561FD00BB6007E640F /* LaunchScreen.storyboard in Resources */ = {isa = PBXBuildFile; fileRef = 84C714541FD00BB6007E640F /* LaunchScreen.storyboard */; };
		84C714611FD00BB7007E640F /* BishkekCoursesTests.swift in Sources */ = {isa = PBXBuildFile; fileRef = 84C714601FD00BB7007E640F /* BishkekCoursesTests.swift */; };
		84C7146C1FD00BB7007E640F /* BishkekCoursesUITests.swift in Sources */ = {isa = PBXBuildFile; fileRef = 84C7146B1FD00BB7007E640F /* BishkekCoursesUITests.swift */; };
		84EFF6DC202DF2DE00358043 /* NewsTableViewCell.swift in Sources */ = {isa = PBXBuildFile; fileRef = 84EFF6DA202DF2DE00358043 /* NewsTableViewCell.swift */; };
		84EFF6DD202DF2DE00358043 /* NewsTableViewCell.xib in Resources */ = {isa = PBXBuildFile; fileRef = 84EFF6DB202DF2DE00358043 /* NewsTableViewCell.xib */; };
		84EFF6DF202E00ED00358043 /* PromotionsViewController.swift in Sources */ = {isa = PBXBuildFile; fileRef = 84EFF6DE202E00ED00358043 /* PromotionsViewController.swift */; };
		84F5D5E72023174000EA2995 /* SimpleCourseViewModel.swift in Sources */ = {isa = PBXBuildFile; fileRef = 84F5D5E62023174000EA2995 /* SimpleCourseViewModel.swift */; };
		84F5D5EB202331FC00EA2995 /* SubCategory.swift in Sources */ = {isa = PBXBuildFile; fileRef = 84F5D5EA202331FC00EA2995 /* SubCategory.swift */; };
		84FFD1621FD27FCF00F9E5C3 /* MainPageEnum.swift in Sources */ = {isa = PBXBuildFile; fileRef = 84FFD1611FD27FCF00F9E5C3 /* MainPageEnum.swift */; };
		84FFD1651FD2820400F9E5C3 /* Search.storyboard in Resources */ = {isa = PBXBuildFile; fileRef = 84FFD1641FD2820400F9E5C3 /* Search.storyboard */; };
		84FFD1681FD2821E00F9E5C3 /* SearchViewController.swift in Sources */ = {isa = PBXBuildFile; fileRef = 84FFD1671FD2821E00F9E5C3 /* SearchViewController.swift */; };
		AC43076CD7D73F465BBC561E /* Pods_BishkekCoursesUITests.framework in Frameworks */ = {isa = PBXBuildFile; fileRef = 21CE33293F162420A42414CC /* Pods_BishkekCoursesUITests.framework */; };
/* End PBXBuildFile section */

/* Begin PBXContainerItemProxy section */
		84C7145D1FD00BB7007E640F /* PBXContainerItemProxy */ = {
			isa = PBXContainerItemProxy;
			containerPortal = 84C7143D1FD00BB6007E640F /* Project object */;
			proxyType = 1;
			remoteGlobalIDString = 84C714441FD00BB6007E640F;
			remoteInfo = BishkekCourses;
		};
		84C714681FD00BB7007E640F /* PBXContainerItemProxy */ = {
			isa = PBXContainerItemProxy;
			containerPortal = 84C7143D1FD00BB6007E640F /* Project object */;
			proxyType = 1;
			remoteGlobalIDString = 84C714441FD00BB6007E640F;
			remoteInfo = BishkekCourses;
		};
/* End PBXContainerItemProxy section */

/* Begin PBXFileReference section */
		138857491ABE88B139087845 /* Pods_BishkekCourses.framework */ = {isa = PBXFileReference; explicitFileType = wrapper.framework; includeInIndex = 0; path = Pods_BishkekCourses.framework; sourceTree = BUILT_PRODUCTS_DIR; };
		21CE33293F162420A42414CC /* Pods_BishkekCoursesUITests.framework */ = {isa = PBXFileReference; explicitFileType = wrapper.framework; includeInIndex = 0; path = Pods_BishkekCoursesUITests.framework; sourceTree = BUILT_PRODUCTS_DIR; };
		397EBACCDA3EEB90F0E25B8A /* Pods-BishkekCoursesUITests.release.xcconfig */ = {isa = PBXFileReference; includeInIndex = 1; lastKnownFileType = text.xcconfig; name = "Pods-BishkekCoursesUITests.release.xcconfig"; path = "Pods/Target Support Files/Pods-BishkekCoursesUITests/Pods-BishkekCoursesUITests.release.xcconfig"; sourceTree = "<group>"; };
		54AE35D2AAA7B53DD7782AED /* Pods-BishkekCourses.debug.xcconfig */ = {isa = PBXFileReference; includeInIndex = 1; lastKnownFileType = text.xcconfig; name = "Pods-BishkekCourses.debug.xcconfig"; path = "Pods/Target Support Files/Pods-BishkekCourses/Pods-BishkekCourses.debug.xcconfig"; sourceTree = "<group>"; };
		840DC211200F668E00C87994 /* SearchCollectionViewCell.swift */ = {isa = PBXFileReference; lastKnownFileType = sourcecode.swift; path = SearchCollectionViewCell.swift; sourceTree = "<group>"; };
		840DC212200F668E00C87994 /* SearchCollectionViewCell.xib */ = {isa = PBXFileReference; lastKnownFileType = file.xib; path = SearchCollectionViewCell.xib; sourceTree = "<group>"; };
		840DC216200F681200C87994 /* FavoriteCollectionViewCell.swift */ = {isa = PBXFileReference; lastKnownFileType = sourcecode.swift; path = FavoriteCollectionViewCell.swift; sourceTree = "<group>"; };
		840DC217200F681200C87994 /* FavoriteCollectionViewCell.xib */ = {isa = PBXFileReference; lastKnownFileType = file.xib; path = FavoriteCollectionViewCell.xib; sourceTree = "<group>"; };
		840DC21A200FBB7400C87994 /* MapViewController.swift */ = {isa = PBXFileReference; lastKnownFileType = sourcecode.swift; path = MapViewController.swift; sourceTree = "<group>"; };
		8413803E1FD9BDE900710969 /* Category.swift */ = {isa = PBXFileReference; lastKnownFileType = sourcecode.swift; path = Category.swift; sourceTree = "<group>"; };
		841380421FD9BFD000710969 /* Contact.swift */ = {isa = PBXFileReference; lastKnownFileType = sourcecode.swift; path = Contact.swift; sourceTree = "<group>"; };
		841380441FD9C04000710969 /* Branch.swift */ = {isa = PBXFileReference; lastKnownFileType = sourcecode.swift; path = Branch.swift; sourceTree = "<group>"; };
		841380461FD9C0CB00710969 /* Service.swift */ = {isa = PBXFileReference; lastKnownFileType = sourcecode.swift; path = Service.swift; sourceTree = "<group>"; };
		841380481FD9C16E00710969 /* Images.swift */ = {isa = PBXFileReference; lastKnownFileType = sourcecode.swift; path = Images.swift; sourceTree = "<group>"; };
		8419BC7C202A351C00285ECD /* HeaderView.swift */ = {isa = PBXFileReference; lastKnownFileType = sourcecode.swift; path = HeaderView.swift; sourceTree = "<group>"; };
		8419BC7E202A3A2A00285ECD /* MenuBar.swift */ = {isa = PBXFileReference; lastKnownFileType = sourcecode.swift; path = MenuBar.swift; sourceTree = "<group>"; };
		8419BC80202A499000285ECD /* MenuCell.swift */ = {isa = PBXFileReference; lastKnownFileType = sourcecode.swift; path = MenuCell.swift; sourceTree = "<group>"; };
		841C91EA1FD7C6960040C2A8 /* CommentsTableViewCell.swift */ = {isa = PBXFileReference; lastKnownFileType = sourcecode.swift; path = CommentsTableViewCell.swift; sourceTree = "<group>"; };
		841C91EB1FD7C6960040C2A8 /* CommentsTableViewCell.xib */ = {isa = PBXFileReference; lastKnownFileType = file.xib; path = CommentsTableViewCell.xib; sourceTree = "<group>"; };
		841C91EE1FD7CFD30040C2A8 /* ServicesTableViewCell.swift */ = {isa = PBXFileReference; lastKnownFileType = sourcecode.swift; path = ServicesTableViewCell.swift; sourceTree = "<group>"; };
		841C91EF1FD7CFD30040C2A8 /* ServicesTableViewCell.xib */ = {isa = PBXFileReference; lastKnownFileType = file.xib; path = ServicesTableViewCell.xib; sourceTree = "<group>"; };
		841C91F21FD7D1D00040C2A8 /* BranchesTableViewCell.swift */ = {isa = PBXFileReference; lastKnownFileType = sourcecode.swift; path = BranchesTableViewCell.swift; sourceTree = "<group>"; };
		841C91F31FD7D1D00040C2A8 /* BranchesTableViewCell.xib */ = {isa = PBXFileReference; lastKnownFileType = file.xib; path = BranchesTableViewCell.xib; sourceTree = "<group>"; };
		841C91F61FD7D2430040C2A8 /* ContactsTableViewCell.swift */ = {isa = PBXFileReference; lastKnownFileType = sourcecode.swift; path = ContactsTableViewCell.swift; sourceTree = "<group>"; };
		841C91F71FD7D2430040C2A8 /* ContactsTableViewCell.xib */ = {isa = PBXFileReference; lastKnownFileType = file.xib; path = ContactsTableViewCell.xib; sourceTree = "<group>"; };
		841C91FA1FD7D3DD0040C2A8 /* DescriptionTableViewCell.swift */ = {isa = PBXFileReference; lastKnownFileType = sourcecode.swift; path = DescriptionTableViewCell.swift; sourceTree = "<group>"; };
		841C91FB1FD7D3DD0040C2A8 /* DescriptionTableViewCell.xib */ = {isa = PBXFileReference; lastKnownFileType = file.xib; path = DescriptionTableViewCell.xib; sourceTree = "<group>"; };
		84226BE91FD5302F0043D68F /* CoursesCollectionViewCell.swift */ = {isa = PBXFileReference; lastKnownFileType = sourcecode.swift; path = CoursesCollectionViewCell.swift; sourceTree = "<group>"; };
		84226BEA1FD5302F0043D68F /* CoursesCollectionViewCell.xib */ = {isa = PBXFileReference; lastKnownFileType = file.xib; path = CoursesCollectionViewCell.xib; sourceTree = "<group>"; };
		842CA5841FD7C0070051C610 /* DetailedCourseViewController.swift */ = {isa = PBXFileReference; lastKnownFileType = sourcecode.swift; path = DetailedCourseViewController.swift; sourceTree = "<group>"; };
		843DC3E7201C63F70048CA3D /* CustomCell.swift */ = {isa = PBXFileReference; lastKnownFileType = sourcecode.swift; path = CustomCell.swift; sourceTree = "<group>"; };
		844A7C9F202C2B11004DC6BA /* SegmentView.swift */ = {isa = PBXFileReference; lastKnownFileType = sourcecode.swift; path = SegmentView.swift; sourceTree = "<group>"; };
		844E780E1FD691DD00368CFA /* Course.storyboard */ = {isa = PBXFileReference; lastKnownFileType = file.storyboard; path = Course.storyboard; sourceTree = "<group>"; };
		8454AC351FD1C4830064689C /* Categories.storyboard */ = {isa = PBXFileReference; lastKnownFileType = file.storyboard; path = Categories.storyboard; sourceTree = "<group>"; };
		8454AC381FD1C4B40064689C /* CategoriesViewViewController.swift */ = {isa = PBXFileReference; lastKnownFileType = sourcecode.swift; path = CategoriesViewViewController.swift; sourceTree = "<group>"; };
		8454AC3A1FD1D12D0064689C /* News.storyboard */ = {isa = PBXFileReference; lastKnownFileType = file.storyboard; path = News.storyboard; sourceTree = "<group>"; };
		8454AC3D1FD1D13F0064689C /* NewsViewController.swift */ = {isa = PBXFileReference; lastKnownFileType = sourcecode.swift; path = NewsViewController.swift; sourceTree = "<group>"; };
		8454AC3F1FD1D1A30064689C /* Favorite.storyboard */ = {isa = PBXFileReference; lastKnownFileType = file.storyboard; path = Favorite.storyboard; sourceTree = "<group>"; };
		8454AC421FD1D1B80064689C /* FavoriteViewController.swift */ = {isa = PBXFileReference; lastKnownFileType = sourcecode.swift; path = FavoriteViewController.swift; sourceTree = "<group>"; };
		84582C78202F1C190079F319 /* PromotionsDetailViewController.swift */ = {isa = PBXFileReference; lastKnownFileType = sourcecode.swift; path = PromotionsDetailViewController.swift; sourceTree = "<group>"; };
		846FBA53202559AF001A4773 /* CoursesBySubcategoryViewController.swift */ = {isa = PBXFileReference; lastKnownFileType = sourcecode.swift; path = CoursesBySubcategoryViewController.swift; sourceTree = "<group>"; };
		846FBA55202559D2001A4773 /* CoursesBySubcategoryTableViewCell.swift */ = {isa = PBXFileReference; lastKnownFileType = sourcecode.swift; path = CoursesBySubcategoryTableViewCell.swift; sourceTree = "<group>"; };
		846FBA56202559D2001A4773 /* CoursesBySubcategoryTableViewCell.xib */ = {isa = PBXFileReference; lastKnownFileType = file.xib; path = CoursesBySubcategoryTableViewCell.xib; sourceTree = "<group>"; };
		84712F2A2030B5A6001ED992 /* HashTagViewController.swift */ = {isa = PBXFileReference; lastKnownFileType = sourcecode.swift; path = HashTagViewController.swift; sourceTree = "<group>"; };
		847869102012FF5D00B6BE0D /* MainViewController.swift */ = {isa = PBXFileReference; lastKnownFileType = sourcecode.swift; path = MainViewController.swift; sourceTree = "<group>"; };
		847869122013015800B6BE0D /* MainTableViewCell.swift */ = {isa = PBXFileReference; lastKnownFileType = sourcecode.swift; path = MainTableViewCell.swift; sourceTree = "<group>"; };
		847869132013015800B6BE0D /* MainTableViewCell.xib */ = {isa = PBXFileReference; lastKnownFileType = file.xib; path = MainTableViewCell.xib; sourceTree = "<group>"; };
		8491F86A2011E63400E29292 /* StartingPage.storyboard */ = {isa = PBXFileReference; lastKnownFileType = file.storyboard; path = StartingPage.storyboard; sourceTree = "<group>"; };
		8491F86D2011E64A00E29292 /* StartingPageViewController.swift */ = {isa = PBXFileReference; lastKnownFileType = sourcecode.swift; path = StartingPageViewController.swift; sourceTree = "<group>"; };
		8491F8702011EF8900E29292 /* StartingPageCollectionViewCell.swift */ = {isa = PBXFileReference; lastKnownFileType = sourcecode.swift; path = StartingPageCollectionViewCell.swift; sourceTree = "<group>"; };
		8491F8722012116700E29292 /* SwipingController.swift */ = {isa = PBXFileReference; lastKnownFileType = sourcecode.swift; path = SwipingController.swift; sourceTree = "<group>"; };
		8491F8742012189400E29292 /* Page.swift */ = {isa = PBXFileReference; lastKnownFileType = sourcecode.swift; path = Page.swift; sourceTree = "<group>"; };
		8491F8772012306C00E29292 /* SwipingController+Extension.swift */ = {isa = PBXFileReference; lastKnownFileType = sourcecode.swift; path = "SwipingController+Extension.swift"; sourceTree = "<group>"; };
		8491F879201230C700E29292 /* SwipingController+CollectionView.swift */ = {isa = PBXFileReference; lastKnownFileType = sourcecode.swift; path = "SwipingController+CollectionView.swift"; sourceTree = "<group>"; };
		8497BAA82027191F001A7C76 /* DetailedCourse.swift */ = {isa = PBXFileReference; lastKnownFileType = sourcecode.swift; path = DetailedCourse.swift; sourceTree = "<group>"; };
		849D8DC11FD429C900F507A4 /* CategoriesCollectionViewCell.swift */ = {isa = PBXFileReference; lastKnownFileType = sourcecode.swift; path = CategoriesCollectionViewCell.swift; sourceTree = "<group>"; };
		849D8DC31FD429E000F507A4 /* CategoriesCollectionViewCell.xib */ = {isa = PBXFileReference; lastKnownFileType = file.xib; path = CategoriesCollectionViewCell.xib; sourceTree = "<group>"; };
		849D8DCE1FD4888D00F507A4 /* SubCategoriesViewController.swift */ = {isa = PBXFileReference; lastKnownFileType = sourcecode.swift; path = SubCategoriesViewController.swift; sourceTree = "<group>"; };
		849D8DD01FD488FA00F507A4 /* SubCategoriesCollectionViewCell.swift */ = {isa = PBXFileReference; lastKnownFileType = sourcecode.swift; path = SubCategoriesCollectionViewCell.swift; sourceTree = "<group>"; };
		849D8DD11FD488FA00F507A4 /* SubCategoriesCollectionViewCell.xib */ = {isa = PBXFileReference; lastKnownFileType = file.xib; path = SubCategoriesCollectionViewCell.xib; sourceTree = "<group>"; };
		84AD4D4A202AC25000AEAF1D /* SubcategoryHeaderView.swift */ = {isa = PBXFileReference; lastKnownFileType = sourcecode.swift; path = SubcategoryHeaderView.swift; sourceTree = "<group>"; };
		84B0EDEC20113748000F2670 /* CourseAddress.swift */ = {isa = PBXFileReference; lastKnownFileType = sourcecode.swift; path = CourseAddress.swift; sourceTree = "<group>"; };
		84BE8F1B201F14D600844F55 /* NetworkManager.swift */ = {isa = PBXFileReference; lastKnownFileType = sourcecode.swift; path = NetworkManager.swift; sourceTree = "<group>"; };
		84BE8F1D201F1A1A00844F55 /* NetworkAdapter.swift */ = {isa = PBXFileReference; lastKnownFileType = sourcecode.swift; path = NetworkAdapter.swift; sourceTree = "<group>"; };
		84BE8F1F201F205C00844F55 /* ServerAPIManager.swift */ = {isa = PBXFileReference; lastKnownFileType = sourcecode.swift; path = ServerAPIManager.swift; sourceTree = "<group>"; };
		84BE8F21201F2CC200844F55 /* SimpleCourse.swift */ = {isa = PBXFileReference; lastKnownFileType = sourcecode.swift; path = SimpleCourse.swift; sourceTree = "<group>"; };
		84C2947524281F15E93719D9 /* Pods_BishkekCoursesTests.framework */ = {isa = PBXFileReference; explicitFileType = wrapper.framework; includeInIndex = 0; path = Pods_BishkekCoursesTests.framework; sourceTree = BUILT_PRODUCTS_DIR; };
		84C399E91FD3080400DD5D66 /* ApiAddress.swift */ = {isa = PBXFileReference; fileEncoding = 4; lastKnownFileType = sourcecode.swift; path = ApiAddress.swift; sourceTree = "<group>"; };
		84C399EB1FD3080A00DD5D66 /* HTTPRequestManager.swift */ = {isa = PBXFileReference; fileEncoding = 4; lastKnownFileType = sourcecode.swift; path = HTTPRequestManager.swift; sourceTree = "<group>"; };
		84C399ED1FD3081100DD5D66 /* HTTPStatusCode.swift */ = {isa = PBXFileReference; fileEncoding = 4; lastKnownFileType = sourcecode.swift; path = HTTPStatusCode.swift; sourceTree = "<group>"; };
		84C399EF1FD3081500DD5D66 /* ServerManager.swift */ = {isa = PBXFileReference; fileEncoding = 4; lastKnownFileType = sourcecode.swift; path = ServerManager.swift; sourceTree = "<group>"; };
		84C399F11FD3082400DD5D66 /* Extensions.swift */ = {isa = PBXFileReference; fileEncoding = 4; lastKnownFileType = sourcecode.swift; path = Extensions.swift; sourceTree = "<group>"; };
		84C399F31FD3082B00DD5D66 /* DataManager.swift */ = {isa = PBXFileReference; fileEncoding = 4; lastKnownFileType = sourcecode.swift; path = DataManager.swift; sourceTree = "<group>"; };
		84C399F51FD3084E00DD5D66 /* Constants.swift */ = {isa = PBXFileReference; fileEncoding = 4; lastKnownFileType = sourcecode.swift; path = Constants.swift; sourceTree = "<group>"; };
		84C399F71FD3085900DD5D66 /* Colors.swift */ = {isa = PBXFileReference; fileEncoding = 4; lastKnownFileType = sourcecode.swift; path = Colors.swift; sourceTree = "<group>"; };
		84C399FA1FD3213A00DD5D66 /* Login.storyboard */ = {isa = PBXFileReference; lastKnownFileType = file.storyboard; path = Login.storyboard; sourceTree = "<group>"; };
		84C399FD1FD324A500DD5D66 /* LoginViewController.swift */ = {isa = PBXFileReference; lastKnownFileType = sourcecode.swift; path = LoginViewController.swift; sourceTree = "<group>"; };
		84C39A001FD33AEF00DD5D66 /* Registration.storyboard */ = {isa = PBXFileReference; lastKnownFileType = file.storyboard; path = Registration.storyboard; sourceTree = "<group>"; };
		84C39A031FD33B0500DD5D66 /* RegistrationViewController.swift */ = {isa = PBXFileReference; lastKnownFileType = sourcecode.swift; path = RegistrationViewController.swift; sourceTree = "<group>"; };
		84C714451FD00BB6007E640F /* BishkekCourses.app */ = {isa = PBXFileReference; explicitFileType = wrapper.application; includeInIndex = 0; path = BishkekCourses.app; sourceTree = BUILT_PRODUCTS_DIR; };
		84C714481FD00BB6007E640F /* AppDelegate.swift */ = {isa = PBXFileReference; lastKnownFileType = sourcecode.swift; path = AppDelegate.swift; sourceTree = "<group>"; };
		84C7144D1FD00BB6007E640F /* Base */ = {isa = PBXFileReference; lastKnownFileType = file.storyboard; name = Base; path = Base.lproj/Main.storyboard; sourceTree = "<group>"; };
		84C714501FD00BB6007E640F /* BishkekCourses.xcdatamodel */ = {isa = PBXFileReference; lastKnownFileType = wrapper.xcdatamodel; path = BishkekCourses.xcdatamodel; sourceTree = "<group>"; };
		84C714521FD00BB6007E640F /* Assets.xcassets */ = {isa = PBXFileReference; lastKnownFileType = folder.assetcatalog; path = Assets.xcassets; sourceTree = "<group>"; };
		84C714551FD00BB6007E640F /* Base */ = {isa = PBXFileReference; lastKnownFileType = file.storyboard; name = Base; path = Base.lproj/LaunchScreen.storyboard; sourceTree = "<group>"; };
		84C714571FD00BB6007E640F /* Info.plist */ = {isa = PBXFileReference; lastKnownFileType = text.plist.xml; path = Info.plist; sourceTree = "<group>"; };
		84C7145C1FD00BB7007E640F /* BishkekCoursesTests.xctest */ = {isa = PBXFileReference; explicitFileType = wrapper.cfbundle; includeInIndex = 0; path = BishkekCoursesTests.xctest; sourceTree = BUILT_PRODUCTS_DIR; };
		84C714601FD00BB7007E640F /* BishkekCoursesTests.swift */ = {isa = PBXFileReference; lastKnownFileType = sourcecode.swift; path = BishkekCoursesTests.swift; sourceTree = "<group>"; };
		84C714621FD00BB7007E640F /* Info.plist */ = {isa = PBXFileReference; lastKnownFileType = text.plist.xml; path = Info.plist; sourceTree = "<group>"; };
		84C714671FD00BB7007E640F /* BishkekCoursesUITests.xctest */ = {isa = PBXFileReference; explicitFileType = wrapper.cfbundle; includeInIndex = 0; path = BishkekCoursesUITests.xctest; sourceTree = BUILT_PRODUCTS_DIR; };
		84C7146B1FD00BB7007E640F /* BishkekCoursesUITests.swift */ = {isa = PBXFileReference; lastKnownFileType = sourcecode.swift; path = BishkekCoursesUITests.swift; sourceTree = "<group>"; };
		84C7146D1FD00BB7007E640F /* Info.plist */ = {isa = PBXFileReference; lastKnownFileType = text.plist.xml; path = Info.plist; sourceTree = "<group>"; };
		84EFF6DA202DF2DE00358043 /* NewsTableViewCell.swift */ = {isa = PBXFileReference; lastKnownFileType = sourcecode.swift; path = NewsTableViewCell.swift; sourceTree = "<group>"; };
		84EFF6DB202DF2DE00358043 /* NewsTableViewCell.xib */ = {isa = PBXFileReference; lastKnownFileType = file.xib; path = NewsTableViewCell.xib; sourceTree = "<group>"; };
		84EFF6DE202E00ED00358043 /* PromotionsViewController.swift */ = {isa = PBXFileReference; lastKnownFileType = sourcecode.swift; path = PromotionsViewController.swift; sourceTree = "<group>"; };
		84F5D5E62023174000EA2995 /* SimpleCourseViewModel.swift */ = {isa = PBXFileReference; lastKnownFileType = sourcecode.swift; path = SimpleCourseViewModel.swift; sourceTree = "<group>"; };
		84F5D5EA202331FC00EA2995 /* SubCategory.swift */ = {isa = PBXFileReference; lastKnownFileType = sourcecode.swift; path = SubCategory.swift; sourceTree = "<group>"; };
		84FFD1611FD27FCF00F9E5C3 /* MainPageEnum.swift */ = {isa = PBXFileReference; lastKnownFileType = sourcecode.swift; path = MainPageEnum.swift; sourceTree = "<group>"; };
		84FFD1641FD2820400F9E5C3 /* Search.storyboard */ = {isa = PBXFileReference; lastKnownFileType = file.storyboard; path = Search.storyboard; sourceTree = "<group>"; };
		84FFD1671FD2821E00F9E5C3 /* SearchViewController.swift */ = {isa = PBXFileReference; lastKnownFileType = sourcecode.swift; path = SearchViewController.swift; sourceTree = "<group>"; };
		C185D81873F73C4B9791507F /* Pods-BishkekCourses.release.xcconfig */ = {isa = PBXFileReference; includeInIndex = 1; lastKnownFileType = text.xcconfig; name = "Pods-BishkekCourses.release.xcconfig"; path = "Pods/Target Support Files/Pods-BishkekCourses/Pods-BishkekCourses.release.xcconfig"; sourceTree = "<group>"; };
		C5C8FBBE69054AF9892B0CA6 /* Pods-BishkekCoursesTests.debug.xcconfig */ = {isa = PBXFileReference; includeInIndex = 1; lastKnownFileType = text.xcconfig; name = "Pods-BishkekCoursesTests.debug.xcconfig"; path = "Pods/Target Support Files/Pods-BishkekCoursesTests/Pods-BishkekCoursesTests.debug.xcconfig"; sourceTree = "<group>"; };
		E9BED3A4310422A3F0BEC78A /* Pods-BishkekCoursesTests.release.xcconfig */ = {isa = PBXFileReference; includeInIndex = 1; lastKnownFileType = text.xcconfig; name = "Pods-BishkekCoursesTests.release.xcconfig"; path = "Pods/Target Support Files/Pods-BishkekCoursesTests/Pods-BishkekCoursesTests.release.xcconfig"; sourceTree = "<group>"; };
		EF441B2E8AD7BE042BDCB3A5 /* Pods-BishkekCoursesUITests.debug.xcconfig */ = {isa = PBXFileReference; includeInIndex = 1; lastKnownFileType = text.xcconfig; name = "Pods-BishkekCoursesUITests.debug.xcconfig"; path = "Pods/Target Support Files/Pods-BishkekCoursesUITests/Pods-BishkekCoursesUITests.debug.xcconfig"; sourceTree = "<group>"; };
/* End PBXFileReference section */

/* Begin PBXFrameworksBuildPhase section */
		84C714421FD00BB6007E640F /* Frameworks */ = {
			isa = PBXFrameworksBuildPhase;
			buildActionMask = 2147483647;
			files = (
				1340B1A410C7DF8BC566FC6C /* Pods_BishkekCourses.framework in Frameworks */,
			);
			runOnlyForDeploymentPostprocessing = 0;
		};
		84C714591FD00BB7007E640F /* Frameworks */ = {
			isa = PBXFrameworksBuildPhase;
			buildActionMask = 2147483647;
			files = (
				4A81873DC782617B06D8FB67 /* Pods_BishkekCoursesTests.framework in Frameworks */,
			);
			runOnlyForDeploymentPostprocessing = 0;
		};
		84C714641FD00BB7007E640F /* Frameworks */ = {
			isa = PBXFrameworksBuildPhase;
			buildActionMask = 2147483647;
			files = (
				AC43076CD7D73F465BBC561E /* Pods_BishkekCoursesUITests.framework in Frameworks */,
			);
			runOnlyForDeploymentPostprocessing = 0;
		};
/* End PBXFrameworksBuildPhase section */

/* Begin PBXGroup section */
		0498E8FC0A3424ACE86DD7AE /* Pods */ = {
			isa = PBXGroup;
			children = (
				54AE35D2AAA7B53DD7782AED /* Pods-BishkekCourses.debug.xcconfig */,
				C185D81873F73C4B9791507F /* Pods-BishkekCourses.release.xcconfig */,
				C5C8FBBE69054AF9892B0CA6 /* Pods-BishkekCoursesTests.debug.xcconfig */,
				E9BED3A4310422A3F0BEC78A /* Pods-BishkekCoursesTests.release.xcconfig */,
				EF441B2E8AD7BE042BDCB3A5 /* Pods-BishkekCoursesUITests.debug.xcconfig */,
				397EBACCDA3EEB90F0E25B8A /* Pods-BishkekCoursesUITests.release.xcconfig */,
			);
			name = Pods;
			sourceTree = "<group>";
		};
		840DC210200F667500C87994 /* Cells */ = {
			isa = PBXGroup;
			children = (
				840DC211200F668E00C87994 /* SearchCollectionViewCell.swift */,
				840DC212200F668E00C87994 /* SearchCollectionViewCell.xib */,
			);
			path = Cells;
			sourceTree = "<group>";
		};
		840DC215200F680100C87994 /* Cells */ = {
			isa = PBXGroup;
			children = (
				840DC216200F681200C87994 /* FavoriteCollectionViewCell.swift */,
				840DC217200F681200C87994 /* FavoriteCollectionViewCell.xib */,
			);
			path = Cells;
			sourceTree = "<group>";
		};
		8419BC78202A149F00285ECD /* Views */ = {
			isa = PBXGroup;
			children = (
				84AD4D4A202AC25000AEAF1D /* SubcategoryHeaderView.swift */,
			);
			path = Views;
			sourceTree = "<group>";
		};
		8419BC7B202A350B00285ECD /* Views */ = {
			isa = PBXGroup;
			children = (
				8419BC7C202A351C00285ECD /* HeaderView.swift */,
				8419BC7E202A3A2A00285ECD /* MenuBar.swift */,
				8419BC80202A499000285ECD /* MenuCell.swift */,
			);
			path = Views;
			sourceTree = "<group>";
		};
		844A7C9E202C2B01004DC6BA /* Views */ = {
			isa = PBXGroup;
			children = (
				844A7C9F202C2B11004DC6BA /* SegmentView.swift */,
			);
			path = Views;
			sourceTree = "<group>";
		};
		844E780D1FD691C400368CFA /* Course */ = {
			isa = PBXGroup;
			children = (
				8419BC7B202A350B00285ECD /* Views */,
				84C26DCB1FDA66A8005BE560 /* Plugins */,
				844E78111FD691ED00368CFA /* Cells */,
				844E78101FD691E300368CFA /* Controllers */,
				844E780E1FD691DD00368CFA /* Course.storyboard */,
			);
			path = Course;
			sourceTree = "<group>";
		};
		844E78101FD691E300368CFA /* Controllers */ = {
			isa = PBXGroup;
			children = (
				842CA5841FD7C0070051C610 /* DetailedCourseViewController.swift */,
				840DC21A200FBB7400C87994 /* MapViewController.swift */,
			);
			path = Controllers;
			sourceTree = "<group>";
		};
		844E78111FD691ED00368CFA /* Cells */ = {
			isa = PBXGroup;
			children = (
				844E78191FD7257E00368CFA /* CommentsCell */,
				844E78181FD7255300368CFA /* ServicesCell */,
				844E78171FD7254400368CFA /* BranchesCell */,
				844E78161FD7253700368CFA /* ContactsCell */,
				844E78151FD7252200368CFA /* DescriptionCell */,
			);
			path = Cells;
			sourceTree = "<group>";
		};
		844E78151FD7252200368CFA /* DescriptionCell */ = {
			isa = PBXGroup;
			children = (
				841C91FA1FD7D3DD0040C2A8 /* DescriptionTableViewCell.swift */,
				841C91FB1FD7D3DD0040C2A8 /* DescriptionTableViewCell.xib */,
			);
			path = DescriptionCell;
			sourceTree = "<group>";
		};
		844E78161FD7253700368CFA /* ContactsCell */ = {
			isa = PBXGroup;
			children = (
				841C91F61FD7D2430040C2A8 /* ContactsTableViewCell.swift */,
				841C91F71FD7D2430040C2A8 /* ContactsTableViewCell.xib */,
			);
			path = ContactsCell;
			sourceTree = "<group>";
		};
		844E78171FD7254400368CFA /* BranchesCell */ = {
			isa = PBXGroup;
			children = (
				841C91F21FD7D1D00040C2A8 /* BranchesTableViewCell.swift */,
				841C91F31FD7D1D00040C2A8 /* BranchesTableViewCell.xib */,
			);
			path = BranchesCell;
			sourceTree = "<group>";
		};
		844E78181FD7255300368CFA /* ServicesCell */ = {
			isa = PBXGroup;
			children = (
				841C91EE1FD7CFD30040C2A8 /* ServicesTableViewCell.swift */,
				841C91EF1FD7CFD30040C2A8 /* ServicesTableViewCell.xib */,
			);
			path = ServicesCell;
			sourceTree = "<group>";
		};
		844E78191FD7257E00368CFA /* CommentsCell */ = {
			isa = PBXGroup;
			children = (
				841C91EA1FD7C6960040C2A8 /* CommentsTableViewCell.swift */,
				841C91EB1FD7C6960040C2A8 /* CommentsTableViewCell.xib */,
			);
			path = CommentsCell;
			sourceTree = "<group>";
		};
		8454AC2F1FD1C2820064689C /* Main */ = {
			isa = PBXGroup;
			children = (
				844A7C9E202C2B01004DC6BA /* Views */,
				84F5D5E5202316CC00EA2995 /* ViewModels */,
				84C39A0A1FD34EFB00DD5D66 /* Cells */,
				84FFD1601FD27FBD00F9E5C3 /* Plugins */,
				8454AC341FD1C33F0064689C /* Controllers */,
				84C7144C1FD00BB6007E640F /* Main.storyboard */,
			);
			path = Main;
			sourceTree = "<group>";
		};
		8454AC301FD1C2950064689C /* Supporting Files */ = {
			isa = PBXGroup;
			children = (
				84BE8F1A201F140700844F55 /* NetworkManager */,
				84C399E81FD307F400DD5D66 /* ServerManager */,
				84C399E71FD307E100DD5D66 /* Plugins */,
				84C399E61FD307CC00DD5D66 /* Data */,
			);
			path = "Supporting Files";
			sourceTree = "<group>";
		};
		8454AC311FD1C29F0064689C /* Categories */ = {
			isa = PBXGroup;
			children = (
				8419BC78202A149F00285ECD /* Views */,
				84C39A051FD34CF400DD5D66 /* Cells */,
				8454AC371FD1C4930064689C /* Controllers */,
				8454AC351FD1C4830064689C /* Categories.storyboard */,
			);
			path = Categories;
			sourceTree = "<group>";
		};
		8454AC321FD1C2E60064689C /* News */ = {
			isa = PBXGroup;
			children = (
				849D8DC91FD4798300F507A4 /* Cells */,
				8454AC3C1FD1D1320064689C /* Controllers */,
				8454AC3A1FD1D12D0064689C /* News.storyboard */,
			);
			path = News;
			sourceTree = "<group>";
		};
		8454AC331FD1C2EF0064689C /* Favorite */ = {
			isa = PBXGroup;
			children = (
				840DC215200F680100C87994 /* Cells */,
				8454AC411FD1D1A70064689C /* Controllers */,
				8454AC3F1FD1D1A30064689C /* Favorite.storyboard */,
			);
			path = Favorite;
			sourceTree = "<group>";
		};
		8454AC341FD1C33F0064689C /* Controllers */ = {
			isa = PBXGroup;
			children = (
				847869102012FF5D00B6BE0D /* MainViewController.swift */,
			);
			path = Controllers;
			sourceTree = "<group>";
		};
		8454AC371FD1C4930064689C /* Controllers */ = {
			isa = PBXGroup;
			children = (
				8454AC381FD1C4B40064689C /* CategoriesViewViewController.swift */,
				849D8DCE1FD4888D00F507A4 /* SubCategoriesViewController.swift */,
				846FBA53202559AF001A4773 /* CoursesBySubcategoryViewController.swift */,
			);
			path = Controllers;
			sourceTree = "<group>";
		};
		8454AC3C1FD1D1320064689C /* Controllers */ = {
			isa = PBXGroup;
			children = (
				8454AC3D1FD1D13F0064689C /* NewsViewController.swift */,
				84EFF6DE202E00ED00358043 /* PromotionsViewController.swift */,
				84582C78202F1C190079F319 /* PromotionsDetailViewController.swift */,
				84712F2A2030B5A6001ED992 /* HashTagViewController.swift */,
			);
			path = Controllers;
			sourceTree = "<group>";
		};
		8454AC411FD1D1A70064689C /* Controllers */ = {
			isa = PBXGroup;
			children = (
				8454AC421FD1D1B80064689C /* FavoriteViewController.swift */,
			);
			path = Controllers;
			sourceTree = "<group>";
		};
		846C02751FD3ED280039C085 /* Models */ = {
			isa = PBXGroup;
			children = (
				8413803E1FD9BDE900710969 /* Category.swift */,
				841380421FD9BFD000710969 /* Contact.swift */,
				841380441FD9C04000710969 /* Branch.swift */,
				841380461FD9C0CB00710969 /* Service.swift */,
				841380481FD9C16E00710969 /* Images.swift */,
				8491F8742012189400E29292 /* Page.swift */,
				84BE8F21201F2CC200844F55 /* SimpleCourse.swift */,
				84F5D5EA202331FC00EA2995 /* SubCategory.swift */,
				8497BAA82027191F001A7C76 /* DetailedCourse.swift */,
			);
			path = Models;
			sourceTree = "<group>";
		};
		8491F8692011E62100E29292 /* StartingPage */ = {
			isa = PBXGroup;
			children = (
				8491F8762012303300E29292 /* Extensions */,
				8491F86F2011EAEE00E29292 /* Cells */,
				8491F86C2011E63B00E29292 /* Controllers */,
				8491F86A2011E63400E29292 /* StartingPage.storyboard */,
			);
			path = StartingPage;
			sourceTree = "<group>";
		};
		8491F86C2011E63B00E29292 /* Controllers */ = {
			isa = PBXGroup;
			children = (
				8491F86D2011E64A00E29292 /* StartingPageViewController.swift */,
				8491F8722012116700E29292 /* SwipingController.swift */,
			);
			path = Controllers;
			sourceTree = "<group>";
		};
		8491F86F2011EAEE00E29292 /* Cells */ = {
			isa = PBXGroup;
			children = (
				8491F8702011EF8900E29292 /* StartingPageCollectionViewCell.swift */,
			);
			path = Cells;
			sourceTree = "<group>";
		};
		8491F8762012303300E29292 /* Extensions */ = {
			isa = PBXGroup;
			children = (
				8491F8772012306C00E29292 /* SwipingController+Extension.swift */,
				8491F879201230C700E29292 /* SwipingController+CollectionView.swift */,
			);
			path = Extensions;
			sourceTree = "<group>";
		};
		849D8DC91FD4798300F507A4 /* Cells */ = {
			isa = PBXGroup;
			children = (
				84EFF6DA202DF2DE00358043 /* NewsTableViewCell.swift */,
				84EFF6DB202DF2DE00358043 /* NewsTableViewCell.xib */,
			);
			path = Cells;
			sourceTree = "<group>";
		};
		84BE8F1A201F140700844F55 /* NetworkManager */ = {
			isa = PBXGroup;
			children = (
				84BE8F1B201F14D600844F55 /* NetworkManager.swift */,
				84BE8F1D201F1A1A00844F55 /* NetworkAdapter.swift */,
				84BE8F1F201F205C00844F55 /* ServerAPIManager.swift */,
			);
			path = NetworkManager;
			sourceTree = "<group>";
		};
		84C26DCB1FDA66A8005BE560 /* Plugins */ = {
			isa = PBXGroup;
			children = (
				84B0EDEC20113748000F2670 /* CourseAddress.swift */,
				843DC3E7201C63F70048CA3D /* CustomCell.swift */,
			);
			path = Plugins;
			sourceTree = "<group>";
		};
		84C399E61FD307CC00DD5D66 /* Data */ = {
			isa = PBXGroup;
			children = (
				84C399F31FD3082B00DD5D66 /* DataManager.swift */,
			);
			path = Data;
			sourceTree = "<group>";
		};
		84C399E71FD307E100DD5D66 /* Plugins */ = {
			isa = PBXGroup;
			children = (
				84C399F71FD3085900DD5D66 /* Colors.swift */,
				84C399F51FD3084E00DD5D66 /* Constants.swift */,
				84C399F11FD3082400DD5D66 /* Extensions.swift */,
			);
			path = Plugins;
			sourceTree = "<group>";
		};
		84C399E81FD307F400DD5D66 /* ServerManager */ = {
			isa = PBXGroup;
			children = (
				84C399EF1FD3081500DD5D66 /* ServerManager.swift */,
				84C399ED1FD3081100DD5D66 /* HTTPStatusCode.swift */,
				84C399EB1FD3080A00DD5D66 /* HTTPRequestManager.swift */,
				84C399E91FD3080400DD5D66 /* ApiAddress.swift */,
			);
			path = ServerManager;
			sourceTree = "<group>";
		};
		84C399F91FD3211200DD5D66 /* Login */ = {
			isa = PBXGroup;
			children = (
				84C399FC1FD3249300DD5D66 /* Controllers */,
				84C399FA1FD3213A00DD5D66 /* Login.storyboard */,
			);
			path = Login;
			sourceTree = "<group>";
		};
		84C399FC1FD3249300DD5D66 /* Controllers */ = {
			isa = PBXGroup;
			children = (
				84C399FD1FD324A500DD5D66 /* LoginViewController.swift */,
			);
			path = Controllers;
			sourceTree = "<group>";
		};
		84C399FF1FD33AC800DD5D66 /* Registration */ = {
			isa = PBXGroup;
			children = (
				84C39A021FD33AF300DD5D66 /* Controllers */,
				84C39A001FD33AEF00DD5D66 /* Registration.storyboard */,
			);
			path = Registration;
			sourceTree = "<group>";
		};
		84C39A021FD33AF300DD5D66 /* Controllers */ = {
			isa = PBXGroup;
			children = (
				84C39A031FD33B0500DD5D66 /* RegistrationViewController.swift */,
			);
			path = Controllers;
			sourceTree = "<group>";
		};
		84C39A051FD34CF400DD5D66 /* Cells */ = {
			isa = PBXGroup;
			children = (
				849D8DC11FD429C900F507A4 /* CategoriesCollectionViewCell.swift */,
				849D8DC31FD429E000F507A4 /* CategoriesCollectionViewCell.xib */,
				849D8DD01FD488FA00F507A4 /* SubCategoriesCollectionViewCell.swift */,
				849D8DD11FD488FA00F507A4 /* SubCategoriesCollectionViewCell.xib */,
				84226BE91FD5302F0043D68F /* CoursesCollectionViewCell.swift */,
				84226BEA1FD5302F0043D68F /* CoursesCollectionViewCell.xib */,
				846FBA55202559D2001A4773 /* CoursesBySubcategoryTableViewCell.swift */,
				846FBA56202559D2001A4773 /* CoursesBySubcategoryTableViewCell.xib */,
			);
			path = Cells;
			sourceTree = "<group>";
		};
		84C39A0A1FD34EFB00DD5D66 /* Cells */ = {
			isa = PBXGroup;
			children = (
				847869122013015800B6BE0D /* MainTableViewCell.swift */,
				847869132013015800B6BE0D /* MainTableViewCell.xib */,
			);
			path = Cells;
			sourceTree = "<group>";
		};
		84C7143C1FD00BB6007E640F = {
			isa = PBXGroup;
			children = (
				84C714471FD00BB6007E640F /* BishkekCourses */,
				84C7145F1FD00BB7007E640F /* BishkekCoursesTests */,
				84C7146A1FD00BB7007E640F /* BishkekCoursesUITests */,
				84C714461FD00BB6007E640F /* Products */,
				0498E8FC0A3424ACE86DD7AE /* Pods */,
				D09A758C5C9F7629B5039411 /* Frameworks */,
			);
			sourceTree = "<group>";
		};
		84C714461FD00BB6007E640F /* Products */ = {
			isa = PBXGroup;
			children = (
				84C714451FD00BB6007E640F /* BishkekCourses.app */,
				84C7145C1FD00BB7007E640F /* BishkekCoursesTests.xctest */,
				84C714671FD00BB7007E640F /* BishkekCoursesUITests.xctest */,
			);
			name = Products;
			sourceTree = "<group>";
		};
		84C714471FD00BB6007E640F /* BishkekCourses */ = {
			isa = PBXGroup;
			children = (
				8491F8692011E62100E29292 /* StartingPage */,
				844E780D1FD691C400368CFA /* Course */,
				8454AC331FD1C2EF0064689C /* Favorite */,
				84FFD1631FD281CF00F9E5C3 /* Search */,
				8454AC321FD1C2E60064689C /* News */,
				8454AC311FD1C29F0064689C /* Categories */,
				8454AC2F1FD1C2820064689C /* Main */,
				84C399F91FD3211200DD5D66 /* Login */,
				84C399FF1FD33AC800DD5D66 /* Registration */,
				846C02751FD3ED280039C085 /* Models */,
				8454AC301FD1C2950064689C /* Supporting Files */,
				84C714481FD00BB6007E640F /* AppDelegate.swift */,
				84C714521FD00BB6007E640F /* Assets.xcassets */,
				84C714541FD00BB6007E640F /* LaunchScreen.storyboard */,
				84C714571FD00BB6007E640F /* Info.plist */,
				84C7144F1FD00BB6007E640F /* BishkekCourses.xcdatamodeld */,
			);
			path = BishkekCourses;
			sourceTree = "<group>";
		};
		84C7145F1FD00BB7007E640F /* BishkekCoursesTests */ = {
			isa = PBXGroup;
			children = (
				84C714601FD00BB7007E640F /* BishkekCoursesTests.swift */,
				84C714621FD00BB7007E640F /* Info.plist */,
			);
			path = BishkekCoursesTests;
			sourceTree = "<group>";
		};
		84C7146A1FD00BB7007E640F /* BishkekCoursesUITests */ = {
			isa = PBXGroup;
			children = (
				84C7146B1FD00BB7007E640F /* BishkekCoursesUITests.swift */,
				84C7146D1FD00BB7007E640F /* Info.plist */,
			);
			path = BishkekCoursesUITests;
			sourceTree = "<group>";
		};
		84F5D5E5202316CC00EA2995 /* ViewModels */ = {
			isa = PBXGroup;
			children = (
				84F5D5E62023174000EA2995 /* SimpleCourseViewModel.swift */,
			);
			path = ViewModels;
			sourceTree = "<group>";
		};
		84FFD1601FD27FBD00F9E5C3 /* Plugins */ = {
			isa = PBXGroup;
			children = (
				84FFD1611FD27FCF00F9E5C3 /* MainPageEnum.swift */,
			);
			path = Plugins;
			sourceTree = "<group>";
		};
		84FFD1631FD281CF00F9E5C3 /* Search */ = {
			isa = PBXGroup;
			children = (
				840DC210200F667500C87994 /* Cells */,
				84FFD1661FD2821000F9E5C3 /* Controllers */,
				84FFD1641FD2820400F9E5C3 /* Search.storyboard */,
			);
			path = Search;
			sourceTree = "<group>";
		};
		84FFD1661FD2821000F9E5C3 /* Controllers */ = {
			isa = PBXGroup;
			children = (
				84FFD1671FD2821E00F9E5C3 /* SearchViewController.swift */,
			);
			path = Controllers;
			sourceTree = "<group>";
		};
		D09A758C5C9F7629B5039411 /* Frameworks */ = {
			isa = PBXGroup;
			children = (
				138857491ABE88B139087845 /* Pods_BishkekCourses.framework */,
				84C2947524281F15E93719D9 /* Pods_BishkekCoursesTests.framework */,
				21CE33293F162420A42414CC /* Pods_BishkekCoursesUITests.framework */,
			);
			name = Frameworks;
			sourceTree = "<group>";
		};
/* End PBXGroup section */

/* Begin PBXNativeTarget section */
		84C714441FD00BB6007E640F /* BishkekCourses */ = {
			isa = PBXNativeTarget;
			buildConfigurationList = 84C714701FD00BB7007E640F /* Build configuration list for PBXNativeTarget "BishkekCourses" */;
			buildPhases = (
				FEAF10020E276118447C5B26 /* [CP] Check Pods Manifest.lock */,
				84C714411FD00BB6007E640F /* Sources */,
				84C714421FD00BB6007E640F /* Frameworks */,
				84C714431FD00BB6007E640F /* Resources */,
				8795EA54B44A7E86E1F0284D /* [CP] Embed Pods Frameworks */,
				8778FA1E6348F1BC9B211D12 /* [CP] Copy Pods Resources */,
			);
			buildRules = (
			);
			dependencies = (
			);
			name = BishkekCourses;
			productName = BishkekCourses;
			productReference = 84C714451FD00BB6007E640F /* BishkekCourses.app */;
			productType = "com.apple.product-type.application";
		};
		84C7145B1FD00BB7007E640F /* BishkekCoursesTests */ = {
			isa = PBXNativeTarget;
			buildConfigurationList = 84C714731FD00BB7007E640F /* Build configuration list for PBXNativeTarget "BishkekCoursesTests" */;
			buildPhases = (
				DD6130C273C0EAC76D22A9FC /* [CP] Check Pods Manifest.lock */,
				84C714581FD00BB7007E640F /* Sources */,
				84C714591FD00BB7007E640F /* Frameworks */,
				84C7145A1FD00BB7007E640F /* Resources */,
				AB560825CA307CC5443A6315 /* [CP] Embed Pods Frameworks */,
				92DB86AE1B08A0EC03B4A632 /* [CP] Copy Pods Resources */,
			);
			buildRules = (
			);
			dependencies = (
				84C7145E1FD00BB7007E640F /* PBXTargetDependency */,
			);
			name = BishkekCoursesTests;
			productName = BishkekCoursesTests;
			productReference = 84C7145C1FD00BB7007E640F /* BishkekCoursesTests.xctest */;
			productType = "com.apple.product-type.bundle.unit-test";
		};
		84C714661FD00BB7007E640F /* BishkekCoursesUITests */ = {
			isa = PBXNativeTarget;
			buildConfigurationList = 84C714761FD00BB7007E640F /* Build configuration list for PBXNativeTarget "BishkekCoursesUITests" */;
			buildPhases = (
				50B4C8B64DDEFC0FBCBAA7C3 /* [CP] Check Pods Manifest.lock */,
				84C714631FD00BB7007E640F /* Sources */,
				84C714641FD00BB7007E640F /* Frameworks */,
				84C714651FD00BB7007E640F /* Resources */,
				0A68935CBC3A023F20E9971A /* [CP] Embed Pods Frameworks */,
				DED7F1335855AE4135C7364C /* [CP] Copy Pods Resources */,
			);
			buildRules = (
			);
			dependencies = (
				84C714691FD00BB7007E640F /* PBXTargetDependency */,
			);
			name = BishkekCoursesUITests;
			productName = BishkekCoursesUITests;
			productReference = 84C714671FD00BB7007E640F /* BishkekCoursesUITests.xctest */;
			productType = "com.apple.product-type.bundle.ui-testing";
		};
/* End PBXNativeTarget section */

/* Begin PBXProject section */
		84C7143D1FD00BB6007E640F /* Project object */ = {
			isa = PBXProject;
			attributes = {
				LastSwiftUpdateCheck = 0910;
				LastUpgradeCheck = 0910;
				ORGANIZATIONNAME = Khasanza;
				TargetAttributes = {
					84C714441FD00BB6007E640F = {
						CreatedOnToolsVersion = 9.1;
						ProvisioningStyle = Automatic;
					};
					84C7145B1FD00BB7007E640F = {
						CreatedOnToolsVersion = 9.1;
						ProvisioningStyle = Automatic;
						TestTargetID = 84C714441FD00BB6007E640F;
					};
					84C714661FD00BB7007E640F = {
						CreatedOnToolsVersion = 9.1;
						ProvisioningStyle = Automatic;
						TestTargetID = 84C714441FD00BB6007E640F;
					};
				};
			};
			buildConfigurationList = 84C714401FD00BB6007E640F /* Build configuration list for PBXProject "BishkekCourses" */;
			compatibilityVersion = "Xcode 8.0";
			developmentRegion = en;
			hasScannedForEncodings = 0;
			knownRegions = (
				en,
				Base,
			);
			mainGroup = 84C7143C1FD00BB6007E640F;
			productRefGroup = 84C714461FD00BB6007E640F /* Products */;
			projectDirPath = "";
			projectRoot = "";
			targets = (
				84C714441FD00BB6007E640F /* BishkekCourses */,
				84C7145B1FD00BB7007E640F /* BishkekCoursesTests */,
				84C714661FD00BB7007E640F /* BishkekCoursesUITests */,
			);
		};
/* End PBXProject section */

/* Begin PBXResourcesBuildPhase section */
		84C714431FD00BB6007E640F /* Resources */ = {
			isa = PBXResourcesBuildPhase;
			buildActionMask = 2147483647;
			files = (
				84C399FB1FD3213A00DD5D66 /* Login.storyboard in Resources */,
				841C91F11FD7CFD30040C2A8 /* ServicesTableViewCell.xib in Resources */,
				841C91FD1FD7D3DD0040C2A8 /* DescriptionTableViewCell.xib in Resources */,
				84226BEC1FD5302F0043D68F /* CoursesCollectionViewCell.xib in Resources */,
				841C91F91FD7D2430040C2A8 /* ContactsTableViewCell.xib in Resources */,
				841C91F51FD7D1D00040C2A8 /* BranchesTableViewCell.xib in Resources */,
				84C39A011FD33AEF00DD5D66 /* Registration.storyboard in Resources */,
				84C714561FD00BB6007E640F /* LaunchScreen.storyboard in Resources */,
				84C714531FD00BB6007E640F /* Assets.xcassets in Resources */,
				84EFF6DD202DF2DE00358043 /* NewsTableViewCell.xib in Resources */,
				8454AC401FD1D1A30064689C /* Favorite.storyboard in Resources */,
				841C91ED1FD7C6960040C2A8 /* CommentsTableViewCell.xib in Resources */,
				8454AC3B1FD1D12D0064689C /* News.storyboard in Resources */,
				846FBA58202559D2001A4773 /* CoursesBySubcategoryTableViewCell.xib in Resources */,
				849D8DD31FD488FA00F507A4 /* SubCategoriesCollectionViewCell.xib in Resources */,
				840DC214200F668E00C87994 /* SearchCollectionViewCell.xib in Resources */,
				8491F86B2011E63400E29292 /* StartingPage.storyboard in Resources */,
				844E780F1FD691DD00368CFA /* Course.storyboard in Resources */,
				84FFD1651FD2820400F9E5C3 /* Search.storyboard in Resources */,
				8454AC361FD1C4830064689C /* Categories.storyboard in Resources */,
				840DC219200F681200C87994 /* FavoriteCollectionViewCell.xib in Resources */,
				849D8DC41FD429E000F507A4 /* CategoriesCollectionViewCell.xib in Resources */,
				84C7144E1FD00BB6007E640F /* Main.storyboard in Resources */,
				847869152013015800B6BE0D /* MainTableViewCell.xib in Resources */,
			);
			runOnlyForDeploymentPostprocessing = 0;
		};
		84C7145A1FD00BB7007E640F /* Resources */ = {
			isa = PBXResourcesBuildPhase;
			buildActionMask = 2147483647;
			files = (
			);
			runOnlyForDeploymentPostprocessing = 0;
		};
		84C714651FD00BB7007E640F /* Resources */ = {
			isa = PBXResourcesBuildPhase;
			buildActionMask = 2147483647;
			files = (
			);
			runOnlyForDeploymentPostprocessing = 0;
		};
/* End PBXResourcesBuildPhase section */

/* Begin PBXShellScriptBuildPhase section */
		0A68935CBC3A023F20E9971A /* [CP] Embed Pods Frameworks */ = {
			isa = PBXShellScriptBuildPhase;
			buildActionMask = 2147483647;
			files = (
			);
			inputPaths = (
			);
			name = "[CP] Embed Pods Frameworks";
			outputPaths = (
			);
			runOnlyForDeploymentPostprocessing = 0;
			shellPath = /bin/sh;
			shellScript = "\"${SRCROOT}/Pods/Target Support Files/Pods-BishkekCoursesUITests/Pods-BishkekCoursesUITests-frameworks.sh\"\n";
			showEnvVarsInLog = 0;
		};
		50B4C8B64DDEFC0FBCBAA7C3 /* [CP] Check Pods Manifest.lock */ = {
			isa = PBXShellScriptBuildPhase;
			buildActionMask = 2147483647;
			files = (
			);
			inputPaths = (
				"${PODS_PODFILE_DIR_PATH}/Podfile.lock",
				"${PODS_ROOT}/Manifest.lock",
			);
			name = "[CP] Check Pods Manifest.lock";
			outputPaths = (
				"$(DERIVED_FILE_DIR)/Pods-BishkekCoursesUITests-checkManifestLockResult.txt",
			);
			runOnlyForDeploymentPostprocessing = 0;
			shellPath = /bin/sh;
			shellScript = "diff \"${PODS_PODFILE_DIR_PATH}/Podfile.lock\" \"${PODS_ROOT}/Manifest.lock\" > /dev/null\nif [ $? != 0 ] ; then\n    # print error to STDERR\n    echo \"error: The sandbox is not in sync with the Podfile.lock. Run 'pod install' or update your CocoaPods installation.\" >&2\n    exit 1\nfi\n# This output is used by Xcode 'outputs' to avoid re-running this script phase.\necho \"SUCCESS\" > \"${SCRIPT_OUTPUT_FILE_0}\"\n";
			showEnvVarsInLog = 0;
		};
		8778FA1E6348F1BC9B211D12 /* [CP] Copy Pods Resources */ = {
			isa = PBXShellScriptBuildPhase;
			buildActionMask = 2147483647;
			files = (
			);
			inputPaths = (
			);
			name = "[CP] Copy Pods Resources";
			outputPaths = (
			);
			runOnlyForDeploymentPostprocessing = 0;
			shellPath = /bin/sh;
			shellScript = "\"${SRCROOT}/Pods/Target Support Files/Pods-BishkekCourses/Pods-BishkekCourses-resources.sh\"\n";
			showEnvVarsInLog = 0;
		};
		8795EA54B44A7E86E1F0284D /* [CP] Embed Pods Frameworks */ = {
			isa = PBXShellScriptBuildPhase;
			buildActionMask = 2147483647;
			files = (
			);
			inputPaths = (
				"${SRCROOT}/Pods/Target Support Files/Pods-BishkekCourses/Pods-BishkekCourses-frameworks.sh",
				"${BUILT_PRODUCTS_DIR}/Alamofire/Alamofire.framework",
				"${BUILT_PRODUCTS_DIR}/Cosmos/Cosmos.framework",
				"${BUILT_PRODUCTS_DIR}/HGPlaceholders/HGPlaceholders.framework",
				"${BUILT_PRODUCTS_DIR}/IQKeyboardManagerSwift/IQKeyboardManagerSwift.framework",
				"${BUILT_PRODUCTS_DIR}/ImageSlideshow/ImageSlideshow.framework",
				"${BUILT_PRODUCTS_DIR}/Kingfisher/Kingfisher.framework",
				"${BUILT_PRODUCTS_DIR}/M13Checkbox/M13Checkbox.framework",
				"${BUILT_PRODUCTS_DIR}/ModelMapper/Mapper.framework",
				"${BUILT_PRODUCTS_DIR}/Moya/Moya.framework",
				"${BUILT_PRODUCTS_DIR}/Moya-ModelMapper/Moya_ModelMapper.framework",
				"${BUILT_PRODUCTS_DIR}/PKHUD/PKHUD.framework",
				"${BUILT_PRODUCTS_DIR}/ParallaxHeader/ParallaxHeader.framework",
				"${BUILT_PRODUCTS_DIR}/PullToRefreshKit/PullToRefreshKit.framework",
				"${BUILT_PRODUCTS_DIR}/Result/Result.framework",
				"${BUILT_PRODUCTS_DIR}/RxCocoa/RxCocoa.framework",
				"${BUILT_PRODUCTS_DIR}/RxOptional/RxOptional.framework",
				"${BUILT_PRODUCTS_DIR}/RxSwift/RxSwift.framework",
				"${BUILT_PRODUCTS_DIR}/SDWebImage/SDWebImage.framework",
				"${BUILT_PRODUCTS_DIR}/SwiftyJSON/SwiftyJSON.framework",
			);
			name = "[CP] Embed Pods Frameworks";
			outputPaths = (
				"${TARGET_BUILD_DIR}/${FRAMEWORKS_FOLDER_PATH}/Alamofire.framework",
				"${TARGET_BUILD_DIR}/${FRAMEWORKS_FOLDER_PATH}/Cosmos.framework",
				"${TARGET_BUILD_DIR}/${FRAMEWORKS_FOLDER_PATH}/HGPlaceholders.framework",
				"${TARGET_BUILD_DIR}/${FRAMEWORKS_FOLDER_PATH}/IQKeyboardManagerSwift.framework",
				"${TARGET_BUILD_DIR}/${FRAMEWORKS_FOLDER_PATH}/ImageSlideshow.framework",
				"${TARGET_BUILD_DIR}/${FRAMEWORKS_FOLDER_PATH}/Kingfisher.framework",
				"${TARGET_BUILD_DIR}/${FRAMEWORKS_FOLDER_PATH}/M13Checkbox.framework",
				"${TARGET_BUILD_DIR}/${FRAMEWORKS_FOLDER_PATH}/Mapper.framework",
				"${TARGET_BUILD_DIR}/${FRAMEWORKS_FOLDER_PATH}/Moya.framework",
				"${TARGET_BUILD_DIR}/${FRAMEWORKS_FOLDER_PATH}/Moya_ModelMapper.framework",
				"${TARGET_BUILD_DIR}/${FRAMEWORKS_FOLDER_PATH}/PKHUD.framework",
				"${TARGET_BUILD_DIR}/${FRAMEWORKS_FOLDER_PATH}/ParallaxHeader.framework",
				"${TARGET_BUILD_DIR}/${FRAMEWORKS_FOLDER_PATH}/PullToRefreshKit.framework",
				"${TARGET_BUILD_DIR}/${FRAMEWORKS_FOLDER_PATH}/Result.framework",
				"${TARGET_BUILD_DIR}/${FRAMEWORKS_FOLDER_PATH}/RxCocoa.framework",
				"${TARGET_BUILD_DIR}/${FRAMEWORKS_FOLDER_PATH}/RxOptional.framework",
				"${TARGET_BUILD_DIR}/${FRAMEWORKS_FOLDER_PATH}/RxSwift.framework",
				"${TARGET_BUILD_DIR}/${FRAMEWORKS_FOLDER_PATH}/SDWebImage.framework",
				"${TARGET_BUILD_DIR}/${FRAMEWORKS_FOLDER_PATH}/SwiftyJSON.framework",
			);
			runOnlyForDeploymentPostprocessing = 0;
			shellPath = /bin/sh;
			shellScript = "\"${SRCROOT}/Pods/Target Support Files/Pods-BishkekCourses/Pods-BishkekCourses-frameworks.sh\"\n";
			showEnvVarsInLog = 0;
		};
		92DB86AE1B08A0EC03B4A632 /* [CP] Copy Pods Resources */ = {
			isa = PBXShellScriptBuildPhase;
			buildActionMask = 2147483647;
			files = (
			);
			inputPaths = (
			);
			name = "[CP] Copy Pods Resources";
			outputPaths = (
			);
			runOnlyForDeploymentPostprocessing = 0;
			shellPath = /bin/sh;
			shellScript = "\"${SRCROOT}/Pods/Target Support Files/Pods-BishkekCoursesTests/Pods-BishkekCoursesTests-resources.sh\"\n";
			showEnvVarsInLog = 0;
		};
		AB560825CA307CC5443A6315 /* [CP] Embed Pods Frameworks */ = {
			isa = PBXShellScriptBuildPhase;
			buildActionMask = 2147483647;
			files = (
			);
			inputPaths = (
			);
			name = "[CP] Embed Pods Frameworks";
			outputPaths = (
			);
			runOnlyForDeploymentPostprocessing = 0;
			shellPath = /bin/sh;
			shellScript = "\"${SRCROOT}/Pods/Target Support Files/Pods-BishkekCoursesTests/Pods-BishkekCoursesTests-frameworks.sh\"\n";
			showEnvVarsInLog = 0;
		};
		DD6130C273C0EAC76D22A9FC /* [CP] Check Pods Manifest.lock */ = {
			isa = PBXShellScriptBuildPhase;
			buildActionMask = 2147483647;
			files = (
			);
			inputPaths = (
				"${PODS_PODFILE_DIR_PATH}/Podfile.lock",
				"${PODS_ROOT}/Manifest.lock",
			);
			name = "[CP] Check Pods Manifest.lock";
			outputPaths = (
				"$(DERIVED_FILE_DIR)/Pods-BishkekCoursesTests-checkManifestLockResult.txt",
			);
			runOnlyForDeploymentPostprocessing = 0;
			shellPath = /bin/sh;
			shellScript = "diff \"${PODS_PODFILE_DIR_PATH}/Podfile.lock\" \"${PODS_ROOT}/Manifest.lock\" > /dev/null\nif [ $? != 0 ] ; then\n    # print error to STDERR\n    echo \"error: The sandbox is not in sync with the Podfile.lock. Run 'pod install' or update your CocoaPods installation.\" >&2\n    exit 1\nfi\n# This output is used by Xcode 'outputs' to avoid re-running this script phase.\necho \"SUCCESS\" > \"${SCRIPT_OUTPUT_FILE_0}\"\n";
			showEnvVarsInLog = 0;
		};
		DED7F1335855AE4135C7364C /* [CP] Copy Pods Resources */ = {
			isa = PBXShellScriptBuildPhase;
			buildActionMask = 2147483647;
			files = (
			);
			inputPaths = (
			);
			name = "[CP] Copy Pods Resources";
			outputPaths = (
			);
			runOnlyForDeploymentPostprocessing = 0;
			shellPath = /bin/sh;
			shellScript = "\"${SRCROOT}/Pods/Target Support Files/Pods-BishkekCoursesUITests/Pods-BishkekCoursesUITests-resources.sh\"\n";
			showEnvVarsInLog = 0;
		};
		FEAF10020E276118447C5B26 /* [CP] Check Pods Manifest.lock */ = {
			isa = PBXShellScriptBuildPhase;
			buildActionMask = 2147483647;
			files = (
			);
			inputPaths = (
				"${PODS_PODFILE_DIR_PATH}/Podfile.lock",
				"${PODS_ROOT}/Manifest.lock",
			);
			name = "[CP] Check Pods Manifest.lock";
			outputPaths = (
				"$(DERIVED_FILE_DIR)/Pods-BishkekCourses-checkManifestLockResult.txt",
			);
			runOnlyForDeploymentPostprocessing = 0;
			shellPath = /bin/sh;
			shellScript = "diff \"${PODS_PODFILE_DIR_PATH}/Podfile.lock\" \"${PODS_ROOT}/Manifest.lock\" > /dev/null\nif [ $? != 0 ] ; then\n    # print error to STDERR\n    echo \"error: The sandbox is not in sync with the Podfile.lock. Run 'pod install' or update your CocoaPods installation.\" >&2\n    exit 1\nfi\n# This output is used by Xcode 'outputs' to avoid re-running this script phase.\necho \"SUCCESS\" > \"${SCRIPT_OUTPUT_FILE_0}\"\n";
			showEnvVarsInLog = 0;
		};
/* End PBXShellScriptBuildPhase section */

/* Begin PBXSourcesBuildPhase section */
		84C714411FD00BB6007E640F /* Sources */ = {
			isa = PBXSourcesBuildPhase;
			buildActionMask = 2147483647;
			files = (
				841380451FD9C04000710969 /* Branch.swift in Sources */,
				841380431FD9BFD000710969 /* Contact.swift in Sources */,
				8491F8752012189400E29292 /* Page.swift in Sources */,
				8454AC391FD1C4B40064689C /* CategoriesViewViewController.swift in Sources */,
				840DC218200F681200C87994 /* FavoriteCollectionViewCell.swift in Sources */,
				841380491FD9C16E00710969 /* Images.swift in Sources */,
				84FFD1681FD2821E00F9E5C3 /* SearchViewController.swift in Sources */,
				84F5D5EB202331FC00EA2995 /* SubCategory.swift in Sources */,
				8497BAA92027191F001A7C76 /* DetailedCourse.swift in Sources */,
				84EFF6DF202E00ED00358043 /* PromotionsViewController.swift in Sources */,
				84BE8F1E201F1A1A00844F55 /* NetworkAdapter.swift in Sources */,
				84C399F41FD3082B00DD5D66 /* DataManager.swift in Sources */,
				84C714491FD00BB6007E640F /* AppDelegate.swift in Sources */,
				840DC21B200FBB7400C87994 /* MapViewController.swift in Sources */,
				841C91EC1FD7C6960040C2A8 /* CommentsTableViewCell.swift in Sources */,
				84C399F61FD3084E00DD5D66 /* Constants.swift in Sources */,
				849D8DD21FD488FA00F507A4 /* SubCategoriesCollectionViewCell.swift in Sources */,
				846FBA54202559AF001A4773 /* CoursesBySubcategoryViewController.swift in Sources */,
				84BE8F1C201F14D600844F55 /* NetworkManager.swift in Sources */,
				84C399F01FD3081500DD5D66 /* ServerManager.swift in Sources */,
				84712F2B2030B5A6001ED992 /* HashTagViewController.swift in Sources */,
				8413803F1FD9BDE900710969 /* Category.swift in Sources */,
				84C399EA1FD3080400DD5D66 /* ApiAddress.swift in Sources */,
				843DC3E8201C63F70048CA3D /* CustomCell.swift in Sources */,
				84C399EC1FD3080A00DD5D66 /* HTTPRequestManager.swift in Sources */,
				841C91FC1FD7D3DD0040C2A8 /* DescriptionTableViewCell.swift in Sources */,
				8419BC81202A499000285ECD /* MenuCell.swift in Sources */,
				840DC213200F668E00C87994 /* SearchCollectionViewCell.swift in Sources */,
				847869112012FF5D00B6BE0D /* MainViewController.swift in Sources */,
				84C399F81FD3085900DD5D66 /* Colors.swift in Sources */,
				847869142013015800B6BE0D /* MainTableViewCell.swift in Sources */,
				841C91F81FD7D2430040C2A8 /* ContactsTableViewCell.swift in Sources */,
				841C91F41FD7D1D00040C2A8 /* BranchesTableViewCell.swift in Sources */,
				8419BC7F202A3A2A00285ECD /* MenuBar.swift in Sources */,
				8454AC3E1FD1D13F0064689C /* NewsViewController.swift in Sources */,
				84C399F21FD3082400DD5D66 /* Extensions.swift in Sources */,
				846FBA57202559D2001A4773 /* CoursesBySubcategoryTableViewCell.swift in Sources */,
				84EFF6DC202DF2DE00358043 /* NewsTableViewCell.swift in Sources */,
				84C39A041FD33B0500DD5D66 /* RegistrationViewController.swift in Sources */,
				849D8DC21FD429C900F507A4 /* CategoriesCollectionViewCell.swift in Sources */,
				84AD4D4B202AC25000AEAF1D /* SubcategoryHeaderView.swift in Sources */,
				84226BEB1FD5302F0043D68F /* CoursesCollectionViewCell.swift in Sources */,
				8454AC431FD1D1B80064689C /* FavoriteViewController.swift in Sources */,
				84F5D5E72023174000EA2995 /* SimpleCourseViewModel.swift in Sources */,
				841380471FD9C0CB00710969 /* Service.swift in Sources */,
				841C91F01FD7CFD30040C2A8 /* ServicesTableViewCell.swift in Sources */,
				84BE8F20201F205C00844F55 /* ServerAPIManager.swift in Sources */,
				8491F87A201230C700E29292 /* SwipingController+CollectionView.swift in Sources */,
				84C399FE1FD324A500DD5D66 /* LoginViewController.swift in Sources */,
				8491F8712011EF8900E29292 /* StartingPageCollectionViewCell.swift in Sources */,
				84B0EDED20113748000F2670 /* CourseAddress.swift in Sources */,
				84C399EE1FD3081100DD5D66 /* HTTPStatusCode.swift in Sources */,
				84C714511FD00BB6007E640F /* BishkekCourses.xcdatamodeld in Sources */,
				8419BC7D202A351C00285ECD /* HeaderView.swift in Sources */,
				84BE8F22201F2CC200844F55 /* SimpleCourse.swift in Sources */,
				842CA5851FD7C0070051C610 /* DetailedCourseViewController.swift in Sources */,
				8491F8782012306C00E29292 /* SwipingController+Extension.swift in Sources */,
				84FFD1621FD27FCF00F9E5C3 /* MainPageEnum.swift in Sources */,
				8491F8732012116700E29292 /* SwipingController.swift in Sources */,
				84582C79202F1C190079F319 /* PromotionsDetailViewController.swift in Sources */,
				849D8DCF1FD4888D00F507A4 /* SubCategoriesViewController.swift in Sources */,
				844A7CA0202C2B11004DC6BA /* SegmentView.swift in Sources */,
				8491F86E2011E64A00E29292 /* StartingPageViewController.swift in Sources */,
			);
			runOnlyForDeploymentPostprocessing = 0;
		};
		84C714581FD00BB7007E640F /* Sources */ = {
			isa = PBXSourcesBuildPhase;
			buildActionMask = 2147483647;
			files = (
				84C714611FD00BB7007E640F /* BishkekCoursesTests.swift in Sources */,
			);
			runOnlyForDeploymentPostprocessing = 0;
		};
		84C714631FD00BB7007E640F /* Sources */ = {
			isa = PBXSourcesBuildPhase;
			buildActionMask = 2147483647;
			files = (
				84C7146C1FD00BB7007E640F /* BishkekCoursesUITests.swift in Sources */,
			);
			runOnlyForDeploymentPostprocessing = 0;
		};
/* End PBXSourcesBuildPhase section */

/* Begin PBXTargetDependency section */
		84C7145E1FD00BB7007E640F /* PBXTargetDependency */ = {
			isa = PBXTargetDependency;
			target = 84C714441FD00BB6007E640F /* BishkekCourses */;
			targetProxy = 84C7145D1FD00BB7007E640F /* PBXContainerItemProxy */;
		};
		84C714691FD00BB7007E640F /* PBXTargetDependency */ = {
			isa = PBXTargetDependency;
			target = 84C714441FD00BB6007E640F /* BishkekCourses */;
			targetProxy = 84C714681FD00BB7007E640F /* PBXContainerItemProxy */;
		};
/* End PBXTargetDependency section */

/* Begin PBXVariantGroup section */
		84C7144C1FD00BB6007E640F /* Main.storyboard */ = {
			isa = PBXVariantGroup;
			children = (
				84C7144D1FD00BB6007E640F /* Base */,
			);
			name = Main.storyboard;
			sourceTree = "<group>";
		};
		84C714541FD00BB6007E640F /* LaunchScreen.storyboard */ = {
			isa = PBXVariantGroup;
			children = (
				84C714551FD00BB6007E640F /* Base */,
			);
			name = LaunchScreen.storyboard;
			sourceTree = "<group>";
		};
/* End PBXVariantGroup section */

/* Begin XCBuildConfiguration section */
		84C7146E1FD00BB7007E640F /* Debug */ = {
			isa = XCBuildConfiguration;
			buildSettings = {
				ALWAYS_SEARCH_USER_PATHS = NO;
				CLANG_ANALYZER_NONNULL = YES;
				CLANG_ANALYZER_NUMBER_OBJECT_CONVERSION = YES_AGGRESSIVE;
				CLANG_CXX_LANGUAGE_STANDARD = "gnu++14";
				CLANG_CXX_LIBRARY = "libc++";
				CLANG_ENABLE_MODULES = YES;
				CLANG_ENABLE_OBJC_ARC = YES;
				CLANG_WARN_BLOCK_CAPTURE_AUTORELEASING = YES;
				CLANG_WARN_BOOL_CONVERSION = YES;
				CLANG_WARN_COMMA = YES;
				CLANG_WARN_CONSTANT_CONVERSION = YES;
				CLANG_WARN_DIRECT_OBJC_ISA_USAGE = YES_ERROR;
				CLANG_WARN_DOCUMENTATION_COMMENTS = YES;
				CLANG_WARN_EMPTY_BODY = YES;
				CLANG_WARN_ENUM_CONVERSION = YES;
				CLANG_WARN_INFINITE_RECURSION = YES;
				CLANG_WARN_INT_CONVERSION = YES;
				CLANG_WARN_NON_LITERAL_NULL_CONVERSION = YES;
				CLANG_WARN_OBJC_LITERAL_CONVERSION = YES;
				CLANG_WARN_OBJC_ROOT_CLASS = YES_ERROR;
				CLANG_WARN_RANGE_LOOP_ANALYSIS = YES;
				CLANG_WARN_STRICT_PROTOTYPES = YES;
				CLANG_WARN_SUSPICIOUS_MOVE = YES;
				CLANG_WARN_UNGUARDED_AVAILABILITY = YES_AGGRESSIVE;
				CLANG_WARN_UNREACHABLE_CODE = YES;
				CLANG_WARN__DUPLICATE_METHOD_MATCH = YES;
				CODE_SIGN_IDENTITY = "iPhone Developer";
				COPY_PHASE_STRIP = NO;
				DEBUG_INFORMATION_FORMAT = dwarf;
				ENABLE_STRICT_OBJC_MSGSEND = YES;
				ENABLE_TESTABILITY = YES;
				GCC_C_LANGUAGE_STANDARD = gnu11;
				GCC_DYNAMIC_NO_PIC = NO;
				GCC_NO_COMMON_BLOCKS = YES;
				GCC_OPTIMIZATION_LEVEL = 0;
				GCC_PREPROCESSOR_DEFINITIONS = (
					"DEBUG=1",
					"$(inherited)",
				);
				GCC_WARN_64_TO_32_BIT_CONVERSION = YES;
				GCC_WARN_ABOUT_RETURN_TYPE = YES_ERROR;
				GCC_WARN_UNDECLARED_SELECTOR = YES;
				GCC_WARN_UNINITIALIZED_AUTOS = YES_AGGRESSIVE;
				GCC_WARN_UNUSED_FUNCTION = YES;
				GCC_WARN_UNUSED_VARIABLE = YES;
				IPHONEOS_DEPLOYMENT_TARGET = 11.1;
				MTL_ENABLE_DEBUG_INFO = YES;
				ONLY_ACTIVE_ARCH = YES;
				SDKROOT = iphoneos;
				SWIFT_ACTIVE_COMPILATION_CONDITIONS = DEBUG;
				SWIFT_OPTIMIZATION_LEVEL = "-Onone";
			};
			name = Debug;
		};
		84C7146F1FD00BB7007E640F /* Release */ = {
			isa = XCBuildConfiguration;
			buildSettings = {
				ALWAYS_SEARCH_USER_PATHS = NO;
				CLANG_ANALYZER_NONNULL = YES;
				CLANG_ANALYZER_NUMBER_OBJECT_CONVERSION = YES_AGGRESSIVE;
				CLANG_CXX_LANGUAGE_STANDARD = "gnu++14";
				CLANG_CXX_LIBRARY = "libc++";
				CLANG_ENABLE_MODULES = YES;
				CLANG_ENABLE_OBJC_ARC = YES;
				CLANG_WARN_BLOCK_CAPTURE_AUTORELEASING = YES;
				CLANG_WARN_BOOL_CONVERSION = YES;
				CLANG_WARN_COMMA = YES;
				CLANG_WARN_CONSTANT_CONVERSION = YES;
				CLANG_WARN_DIRECT_OBJC_ISA_USAGE = YES_ERROR;
				CLANG_WARN_DOCUMENTATION_COMMENTS = YES;
				CLANG_WARN_EMPTY_BODY = YES;
				CLANG_WARN_ENUM_CONVERSION = YES;
				CLANG_WARN_INFINITE_RECURSION = YES;
				CLANG_WARN_INT_CONVERSION = YES;
				CLANG_WARN_NON_LITERAL_NULL_CONVERSION = YES;
				CLANG_WARN_OBJC_LITERAL_CONVERSION = YES;
				CLANG_WARN_OBJC_ROOT_CLASS = YES_ERROR;
				CLANG_WARN_RANGE_LOOP_ANALYSIS = YES;
				CLANG_WARN_STRICT_PROTOTYPES = YES;
				CLANG_WARN_SUSPICIOUS_MOVE = YES;
				CLANG_WARN_UNGUARDED_AVAILABILITY = YES_AGGRESSIVE;
				CLANG_WARN_UNREACHABLE_CODE = YES;
				CLANG_WARN__DUPLICATE_METHOD_MATCH = YES;
				CODE_SIGN_IDENTITY = "iPhone Developer";
				COPY_PHASE_STRIP = NO;
				DEBUG_INFORMATION_FORMAT = "dwarf-with-dsym";
				ENABLE_NS_ASSERTIONS = NO;
				ENABLE_STRICT_OBJC_MSGSEND = YES;
				GCC_C_LANGUAGE_STANDARD = gnu11;
				GCC_NO_COMMON_BLOCKS = YES;
				GCC_WARN_64_TO_32_BIT_CONVERSION = YES;
				GCC_WARN_ABOUT_RETURN_TYPE = YES_ERROR;
				GCC_WARN_UNDECLARED_SELECTOR = YES;
				GCC_WARN_UNINITIALIZED_AUTOS = YES_AGGRESSIVE;
				GCC_WARN_UNUSED_FUNCTION = YES;
				GCC_WARN_UNUSED_VARIABLE = YES;
				IPHONEOS_DEPLOYMENT_TARGET = 11.1;
				MTL_ENABLE_DEBUG_INFO = NO;
				SDKROOT = iphoneos;
				SWIFT_OPTIMIZATION_LEVEL = "-Owholemodule";
				VALIDATE_PRODUCT = YES;
			};
			name = Release;
		};
		84C714711FD00BB7007E640F /* Debug */ = {
			isa = XCBuildConfiguration;
			baseConfigurationReference = 54AE35D2AAA7B53DD7782AED /* Pods-BishkekCourses.debug.xcconfig */;
			buildSettings = {
				ASSETCATALOG_COMPILER_APPICON_NAME = AppIcon;
				CODE_SIGN_STYLE = Automatic;
				DEVELOPMENT_TEAM = U5DCDBG2W2;
				INFOPLIST_FILE = BishkekCourses/Info.plist;
				IPHONEOS_DEPLOYMENT_TARGET = 9.0;
				LD_RUNPATH_SEARCH_PATHS = "$(inherited) @executable_path/Frameworks";
				PRODUCT_BUNDLE_IDENTIFIER = com.iCoder.Forming;
				PRODUCT_NAME = "$(TARGET_NAME)";
				SWIFT_VERSION = 4.0;
				TARGETED_DEVICE_FAMILY = "1,2";
			};
			name = Debug;
		};
		84C714721FD00BB7007E640F /* Release */ = {
			isa = XCBuildConfiguration;
			baseConfigurationReference = C185D81873F73C4B9791507F /* Pods-BishkekCourses.release.xcconfig */;
			buildSettings = {
				ASSETCATALOG_COMPILER_APPICON_NAME = AppIcon;
				CODE_SIGN_STYLE = Automatic;
				DEVELOPMENT_TEAM = U5DCDBG2W2;
				INFOPLIST_FILE = BishkekCourses/Info.plist;
				IPHONEOS_DEPLOYMENT_TARGET = 9.0;
				LD_RUNPATH_SEARCH_PATHS = "$(inherited) @executable_path/Frameworks";
				PRODUCT_BUNDLE_IDENTIFIER = com.iCoder.Forming;
				PRODUCT_NAME = "$(TARGET_NAME)";
				SWIFT_VERSION = 4.0;
				TARGETED_DEVICE_FAMILY = "1,2";
			};
			name = Release;
		};
		84C714741FD00BB7007E640F /* Debug */ = {
			isa = XCBuildConfiguration;
			baseConfigurationReference = C5C8FBBE69054AF9892B0CA6 /* Pods-BishkekCoursesTests.debug.xcconfig */;
			buildSettings = {
				ALWAYS_EMBED_SWIFT_STANDARD_LIBRARIES = YES;
				BUNDLE_LOADER = "$(TEST_HOST)";
				CODE_SIGN_STYLE = Automatic;
				DEVELOPMENT_TEAM = E3ZV847C68;
				INFOPLIST_FILE = BishkekCoursesTests/Info.plist;
				LD_RUNPATH_SEARCH_PATHS = "$(inherited) @executable_path/Frameworks @loader_path/Frameworks";
				PRODUCT_BUNDLE_IDENTIFIER = com.neobis.BishkekCoursesTests;
				PRODUCT_NAME = "$(TARGET_NAME)";
				SWIFT_VERSION = 4.0;
				TARGETED_DEVICE_FAMILY = "1,2";
				TEST_HOST = "$(BUILT_PRODUCTS_DIR)/BishkekCourses.app/BishkekCourses";
			};
			name = Debug;
		};
		84C714751FD00BB7007E640F /* Release */ = {
			isa = XCBuildConfiguration;
			baseConfigurationReference = E9BED3A4310422A3F0BEC78A /* Pods-BishkekCoursesTests.release.xcconfig */;
			buildSettings = {
				ALWAYS_EMBED_SWIFT_STANDARD_LIBRARIES = YES;
				BUNDLE_LOADER = "$(TEST_HOST)";
				CODE_SIGN_STYLE = Automatic;
				DEVELOPMENT_TEAM = E3ZV847C68;
				INFOPLIST_FILE = BishkekCoursesTests/Info.plist;
				LD_RUNPATH_SEARCH_PATHS = "$(inherited) @executable_path/Frameworks @loader_path/Frameworks";
				PRODUCT_BUNDLE_IDENTIFIER = com.neobis.BishkekCoursesTests;
				PRODUCT_NAME = "$(TARGET_NAME)";
				SWIFT_VERSION = 4.0;
				TARGETED_DEVICE_FAMILY = "1,2";
				TEST_HOST = "$(BUILT_PRODUCTS_DIR)/BishkekCourses.app/BishkekCourses";
			};
			name = Release;
		};
		84C714771FD00BB7007E640F /* Debug */ = {
			isa = XCBuildConfiguration;
			baseConfigurationReference = EF441B2E8AD7BE042BDCB3A5 /* Pods-BishkekCoursesUITests.debug.xcconfig */;
			buildSettings = {
				ALWAYS_EMBED_SWIFT_STANDARD_LIBRARIES = YES;
				CODE_SIGN_STYLE = Automatic;
				DEVELOPMENT_TEAM = E3ZV847C68;
				INFOPLIST_FILE = BishkekCoursesUITests/Info.plist;
				LD_RUNPATH_SEARCH_PATHS = "$(inherited) @executable_path/Frameworks @loader_path/Frameworks";
				PRODUCT_BUNDLE_IDENTIFIER = com.neobis.BishkekCoursesUITests;
				PRODUCT_NAME = "$(TARGET_NAME)";
				SWIFT_VERSION = 4.0;
				TARGETED_DEVICE_FAMILY = "1,2";
				TEST_TARGET_NAME = BishkekCourses;
			};
			name = Debug;
		};
		84C714781FD00BB7007E640F /* Release */ = {
			isa = XCBuildConfiguration;
			baseConfigurationReference = 397EBACCDA3EEB90F0E25B8A /* Pods-BishkekCoursesUITests.release.xcconfig */;
			buildSettings = {
				ALWAYS_EMBED_SWIFT_STANDARD_LIBRARIES = YES;
				CODE_SIGN_STYLE = Automatic;
				DEVELOPMENT_TEAM = E3ZV847C68;
				INFOPLIST_FILE = BishkekCoursesUITests/Info.plist;
				LD_RUNPATH_SEARCH_PATHS = "$(inherited) @executable_path/Frameworks @loader_path/Frameworks";
				PRODUCT_BUNDLE_IDENTIFIER = com.neobis.BishkekCoursesUITests;
				PRODUCT_NAME = "$(TARGET_NAME)";
				SWIFT_VERSION = 4.0;
				TARGETED_DEVICE_FAMILY = "1,2";
				TEST_TARGET_NAME = BishkekCourses;
			};
			name = Release;
		};
/* End XCBuildConfiguration section */

/* Begin XCConfigurationList section */
		84C714401FD00BB6007E640F /* Build configuration list for PBXProject "BishkekCourses" */ = {
			isa = XCConfigurationList;
			buildConfigurations = (
				84C7146E1FD00BB7007E640F /* Debug */,
				84C7146F1FD00BB7007E640F /* Release */,
			);
			defaultConfigurationIsVisible = 0;
			defaultConfigurationName = Release;
		};
		84C714701FD00BB7007E640F /* Build configuration list for PBXNativeTarget "BishkekCourses" */ = {
			isa = XCConfigurationList;
			buildConfigurations = (
				84C714711FD00BB7007E640F /* Debug */,
				84C714721FD00BB7007E640F /* Release */,
			);
			defaultConfigurationIsVisible = 0;
			defaultConfigurationName = Release;
		};
		84C714731FD00BB7007E640F /* Build configuration list for PBXNativeTarget "BishkekCoursesTests" */ = {
			isa = XCConfigurationList;
			buildConfigurations = (
				84C714741FD00BB7007E640F /* Debug */,
				84C714751FD00BB7007E640F /* Release */,
			);
			defaultConfigurationIsVisible = 0;
			defaultConfigurationName = Release;
		};
		84C714761FD00BB7007E640F /* Build configuration list for PBXNativeTarget "BishkekCoursesUITests" */ = {
			isa = XCConfigurationList;
			buildConfigurations = (
				84C714771FD00BB7007E640F /* Debug */,
				84C714781FD00BB7007E640F /* Release */,
			);
			defaultConfigurationIsVisible = 0;
			defaultConfigurationName = Release;
		};
/* End XCConfigurationList section */

/* Begin XCVersionGroup section */
		84C7144F1FD00BB6007E640F /* BishkekCourses.xcdatamodeld */ = {
			isa = XCVersionGroup;
			children = (
				84C714501FD00BB6007E640F /* BishkekCourses.xcdatamodel */,
			);
			currentVersion = 84C714501FD00BB6007E640F /* BishkekCourses.xcdatamodel */;
			path = BishkekCourses.xcdatamodeld;
			sourceTree = "<group>";
			versionGroupType = wrapper.xcdatamodel;
		};
/* End XCVersionGroup section */
	};
	rootObject = 84C7143D1FD00BB6007E640F /* Project object */;
}
